// !$*UTF8*$!
{
	archiveVersion = 1;
	classes = {
	};
	objectVersion = 50;
	objects = {

/* Begin PBXBuildFile section */
		400C8B3B2ADE02E500A94D3F /* PerkActivityConfiguration.swift in Sources */ = {isa = PBXBuildFile; fileRef = 400C8B3A2ADE02E500A94D3F /* PerkActivityConfiguration.swift */; };
		400C8B3D2ADE034600A94D3F /* PerkAttributes.swift in Sources */ = {isa = PBXBuildFile; fileRef = 400C8B3C2ADE034600A94D3F /* PerkAttributes.swift */; };
		400C8B3E2ADE034600A94D3F /* PerkAttributes.swift in Sources */ = {isa = PBXBuildFile; fileRef = 400C8B3C2ADE034600A94D3F /* PerkAttributes.swift */; };
		400C8B402ADE082200A94D3F /* StartPerkActivity.swift in Sources */ = {isa = PBXBuildFile; fileRef = 400C8B3F2ADE082200A94D3F /* StartPerkActivity.swift */; };
		400C8B422ADE0B3A00A94D3F /* ScheduleActivityBGTask.swift in Sources */ = {isa = PBXBuildFile; fileRef = 400C8B412ADE0B3A00A94D3F /* ScheduleActivityBGTask.swift */; };
		400C8B442ADE0BA800A94D3F /* HandleActivtyUpdateTask.swift in Sources */ = {isa = PBXBuildFile; fileRef = 400C8B432ADE0BA800A94D3F /* HandleActivtyUpdateTask.swift */; };
		400FF5202640D54C00B1D45B /* PerkTimelineProvider.swift in Sources */ = {isa = PBXBuildFile; fileRef = 400FF51F2640D54C00B1D45B /* PerkTimelineProvider.swift */; };
		400FF5262640D56900B1D45B /* PerkWidget.swift in Sources */ = {isa = PBXBuildFile; fileRef = 400FF5252640D56900B1D45B /* PerkWidget.swift */; };
		400FF52B2640D58600B1D45B /* Perk.swift in Sources */ = {isa = PBXBuildFile; fileRef = 4045221925D61471007C3C26 /* Perk.swift */; };
		400FF5312640D99E00B1D45B /* PerkService.swift in Sources */ = {isa = PBXBuildFile; fileRef = 400FF5302640D99E00B1D45B /* PerkService.swift */; };
		400FF5372640DA2E00B1D45B /* GetPerkWithMostRecentCooldown.swift in Sources */ = {isa = PBXBuildFile; fileRef = 400FF5362640DA2E00B1D45B /* GetPerkWithMostRecentCooldown.swift */; };
		4028AFEA25BC7F6200B4589A /* OutcomeViewModel.swift in Sources */ = {isa = PBXBuildFile; fileRef = 4028AFE925BC7F6200B4589A /* OutcomeViewModel.swift */; };
		4028AFED25BC7F9700B4589A /* OutcomeView.swift in Sources */ = {isa = PBXBuildFile; fileRef = 4028AFEC25BC7F9700B4589A /* OutcomeView.swift */; };
		4028DF3F25B7BB6600455EC6 /* CastleCell.swift in Sources */ = {isa = PBXBuildFile; fileRef = 4028DF3E25B7BB6600455EC6 /* CastleCell.swift */; };
		4028E0A525BC98D5005F6906 /* ShopViewModel.swift in Sources */ = {isa = PBXBuildFile; fileRef = 4028E0A425BC98D5005F6906 /* ShopViewModel.swift */; };
		4028E0A825BC9A37005F6906 /* ShopItemPresenter.swift in Sources */ = {isa = PBXBuildFile; fileRef = 4028E0A725BC9A37005F6906 /* ShopItemPresenter.swift */; };
		4028E0AB25BC9AAE005F6906 /* CastleItemPresenter.swift in Sources */ = {isa = PBXBuildFile; fileRef = 4028E0AA25BC9AAE005F6906 /* CastleItemPresenter.swift */; };
		4028E0AE25BC9D5E005F6906 /* ShopView.swift in Sources */ = {isa = PBXBuildFile; fileRef = 4028E0AD25BC9D5E005F6906 /* ShopView.swift */; };
		403ECE0C25B3372A001203F1 /* CastlesApp.swift in Sources */ = {isa = PBXBuildFile; fileRef = 403ECE0B25B3372A001203F1 /* CastlesApp.swift */; };
		403ECE1025B3372B001203F1 /* Assets.xcassets in Resources */ = {isa = PBXBuildFile; fileRef = 403ECE0F25B3372B001203F1 /* Assets.xcassets */; };
		403ECE1325B3372B001203F1 /* Preview Assets.xcassets in Resources */ = {isa = PBXBuildFile; fileRef = 403ECE1225B3372B001203F1 /* Preview Assets.xcassets */; };
		403ECE2C25B338B4001203F1 /* Kingdom.swift in Sources */ = {isa = PBXBuildFile; fileRef = 403ECE2625B338B4001203F1 /* Kingdom.swift */; };
		403ECE2D25B338B4001203F1 /* Outcome.swift in Sources */ = {isa = PBXBuildFile; fileRef = 403ECE2725B338B4001203F1 /* Outcome.swift */; };
		403ECE2E25B338B4001203F1 /* Castle.swift in Sources */ = {isa = PBXBuildFile; fileRef = 403ECE2825B338B4001203F1 /* Castle.swift */; };
		403ECE2F25B338B4001203F1 /* ShopItem.swift in Sources */ = {isa = PBXBuildFile; fileRef = 403ECE2925B338B4001203F1 /* ShopItem.swift */; };
		403ECE3025B338B4001203F1 /* Turm.swift in Sources */ = {isa = PBXBuildFile; fileRef = 403ECE2A25B338B4001203F1 /* Turm.swift */; };
		403ECE3125B338B4001203F1 /* CastleItem.swift in Sources */ = {isa = PBXBuildFile; fileRef = 403ECE2B25B338B4001203F1 /* CastleItem.swift */; };
		403ECE4B25B338C8001203F1 /* PurchaseShopItem.swift in Sources */ = {isa = PBXBuildFile; fileRef = 403ECE3425B338C8001203F1 /* PurchaseShopItem.swift */; };
		403ECE4C25B338C8001203F1 /* GetOutcomePublisher.swift in Sources */ = {isa = PBXBuildFile; fileRef = 403ECE3525B338C8001203F1 /* GetOutcomePublisher.swift */; };
		403ECE4D25B338C8001203F1 /* CreateCastle.swift in Sources */ = {isa = PBXBuildFile; fileRef = 403ECE3625B338C8001203F1 /* CreateCastle.swift */; };
		403ECE4E25B338C8001203F1 /* GetGoldPublisher.swift in Sources */ = {isa = PBXBuildFile; fileRef = 403ECE3725B338C8001203F1 /* GetGoldPublisher.swift */; };
		403ECE4F25B338C8001203F1 /* UseCastleItem.swift in Sources */ = {isa = PBXBuildFile; fileRef = 403ECE3825B338C8001203F1 /* UseCastleItem.swift */; };
		403ECE5025B338C8001203F1 /* GetShopItemPublisher.swift in Sources */ = {isa = PBXBuildFile; fileRef = 403ECE3925B338C8001203F1 /* GetShopItemPublisher.swift */; };
		403ECE5125B338C8001203F1 /* GetTurnPublisher.swift in Sources */ = {isa = PBXBuildFile; fileRef = 403ECE3A25B338C8001203F1 /* GetTurnPublisher.swift */; };
		403ECE5225B338C8001203F1 /* PerformBarbarianTurn.swift in Sources */ = {isa = PBXBuildFile; fileRef = 403ECE3B25B338C8001203F1 /* PerformBarbarianTurn.swift */; };
		403ECE5325B338C8001203F1 /* PerformPlayerTurn.swift in Sources */ = {isa = PBXBuildFile; fileRef = 403ECE3C25B338C8001203F1 /* PerformPlayerTurn.swift */; };
		403ECE5425B338C8001203F1 /* GetCastles.swift in Sources */ = {isa = PBXBuildFile; fileRef = 403ECE3D25B338C8001203F1 /* GetCastles.swift */; };
		403ECE5525B338C8001203F1 /* MoveToNextTurn.swift in Sources */ = {isa = PBXBuildFile; fileRef = 403ECE3E25B338C8001203F1 /* MoveToNextTurn.swift */; };
		403ECE5625B338C8001203F1 /* GetCastlesPublisher.swift in Sources */ = {isa = PBXBuildFile; fileRef = 403ECE3F25B338C8001203F1 /* GetCastlesPublisher.swift */; };
		403ECE5725B338C8001203F1 /* CurrencyPresenter.swift in Sources */ = {isa = PBXBuildFile; fileRef = 403ECE4125B338C8001203F1 /* CurrencyPresenter.swift */; };
		403ECE5825B338C8001203F1 /* CastlePresenter.swift in Sources */ = {isa = PBXBuildFile; fileRef = 403ECE4225B338C8001203F1 /* CastlePresenter.swift */; };
		403ECE5925B338C8001203F1 /* TurnPresenter.swift in Sources */ = {isa = PBXBuildFile; fileRef = 403ECE4325B338C8001203F1 /* TurnPresenter.swift */; };
		403ECE5C25B338C8001203F1 /* ShopService.swift in Sources */ = {isa = PBXBuildFile; fileRef = 403ECE4725B338C8001203F1 /* ShopService.swift */; };
		403ECE5D25B338C8001203F1 /* TurnService.swift in Sources */ = {isa = PBXBuildFile; fileRef = 403ECE4825B338C8001203F1 /* TurnService.swift */; };
		403ECE5E25B338C8001203F1 /* OutcomeService.swift in Sources */ = {isa = PBXBuildFile; fileRef = 403ECE4925B338C8001203F1 /* OutcomeService.swift */; };
		403ECE5F25B338C8001203F1 /* KingdomService.swift in Sources */ = {isa = PBXBuildFile; fileRef = 403ECE4A25B338C8001203F1 /* KingdomService.swift */; };
		403ECE6625B3391D001203F1 /* DashboardView.swift in Sources */ = {isa = PBXBuildFile; fileRef = 403ECE6525B3391D001203F1 /* DashboardView.swift */; };
		403ECE6A25B33964001203F1 /* DashboardViewModel.swift in Sources */ = {isa = PBXBuildFile; fileRef = 403ECE6925B33964001203F1 /* DashboardViewModel.swift */; };
		403ECE6E25B33F5C001203F1 /* ActionCell.swift in Sources */ = {isa = PBXBuildFile; fileRef = 403ECE6D25B33F5C001203F1 /* ActionCell.swift */; };
		4045221A25D61471007C3C26 /* Perk.swift in Sources */ = {isa = PBXBuildFile; fileRef = 4045221925D61471007C3C26 /* Perk.swift */; };
		4045221E25D614E0007C3C26 /* PerkService.swift in Sources */ = {isa = PBXBuildFile; fileRef = 4045221D25D614E0007C3C26 /* PerkService.swift */; };
		4045222125D616BE007C3C26 /* GetPerksPublisher.swift in Sources */ = {isa = PBXBuildFile; fileRef = 4045222025D616BE007C3C26 /* GetPerksPublisher.swift */; };
		4045222425D61708007C3C26 /* UsePerk.swift in Sources */ = {isa = PBXBuildFile; fileRef = 4045222325D61708007C3C26 /* UsePerk.swift */; };
		4045222825D61B13007C3C26 /* PerkPresenter.swift in Sources */ = {isa = PBXBuildFile; fileRef = 4045222725D61B13007C3C26 /* PerkPresenter.swift */; };
		4045222C25D61E54007C3C26 /* ProgressView.swift in Sources */ = {isa = PBXBuildFile; fileRef = 4045222B25D61E54007C3C26 /* ProgressView.swift */; };
		4045223025D61E80007C3C26 /* ProgressViewModel.swift in Sources */ = {isa = PBXBuildFile; fileRef = 4045222F25D61E80007C3C26 /* ProgressViewModel.swift */; };
		404BFB0D25C3A02400342556 /* CastlesError.swift in Sources */ = {isa = PBXBuildFile; fileRef = 404BFB0C25C3A02400342556 /* CastlesError.swift */; };
		404BFB1025C3A11C00342556 /* ErrorMessageViewModel.swift in Sources */ = {isa = PBXBuildFile; fileRef = 404BFB0F25C3A11C00342556 /* ErrorMessageViewModel.swift */; };
		4050567D25DACB0D00CA7639 /* PerkNotificationService.swift in Sources */ = {isa = PBXBuildFile; fileRef = 4050567C25DACB0D00CA7639 /* PerkNotificationService.swift */; };
		4050568025DACD0A00CA7639 /* GetPerkNotificationActionPublisher.swift in Sources */ = {isa = PBXBuildFile; fileRef = 4050567F25DACD0A00CA7639 /* GetPerkNotificationActionPublisher.swift */; };
		4050568325DACD6D00CA7639 /* ScheduleNotificationForPerk.swift in Sources */ = {isa = PBXBuildFile; fileRef = 4050568225DACD6D00CA7639 /* ScheduleNotificationForPerk.swift */; };
		4050568825DAD3B600CA7639 /* SyncPerkNotificationActions.swift in Sources */ = {isa = PBXBuildFile; fileRef = 4050568725DAD3B600CA7639 /* SyncPerkNotificationActions.swift */; };
		4050568B25DAD49E00CA7639 /* CastlesAppViewModel.swift in Sources */ = {isa = PBXBuildFile; fileRef = 4050568A25DAD49E00CA7639 /* CastlesAppViewModel.swift */; };
		405C9FF9263F4167008E198B /* Kingdom.swift in Sources */ = {isa = PBXBuildFile; fileRef = 403ECE2625B338B4001203F1 /* Kingdom.swift */; };
		405C9FFE263F416B008E198B /* CastlesError.swift in Sources */ = {isa = PBXBuildFile; fileRef = 404BFB0C25C3A02400342556 /* CastlesError.swift */; };
		4068E5F0261A72FA00EE6864 /* Perk.swift in Sources */ = {isa = PBXBuildFile; fileRef = 4045221925D61471007C3C26 /* Perk.swift */; };
		4068E5F5261A758800EE6864 /* PerksService.swift in Sources */ = {isa = PBXBuildFile; fileRef = 4068E5F4261A758800EE6864 /* PerksService.swift */; };
		4068E5FC261A768700EE6864 /* ShortcutComplication.swift in Sources */ = {isa = PBXBuildFile; fileRef = 4068E5FB261A768700EE6864 /* ShortcutComplication.swift */; };
		4068E603261A778600EE6864 /* ShortcutComplicationProvider.swift in Sources */ = {isa = PBXBuildFile; fileRef = 4068E602261A778600EE6864 /* ShortcutComplicationProvider.swift */; };
		4068E608261A7A8000EE6864 /* PerkComplication.swift in Sources */ = {isa = PBXBuildFile; fileRef = 4068E607261A7A8000EE6864 /* PerkComplication.swift */; };
		4068E60D261A7BFC00EE6864 /* GetPerkWithClosestCooldown.swift in Sources */ = {isa = PBXBuildFile; fileRef = 4068E60C261A7BFC00EE6864 /* GetPerkWithClosestCooldown.swift */; };
		4068E612261A7C8300EE6864 /* PerkComplicationProvider.swift in Sources */ = {isa = PBXBuildFile; fileRef = 4068E611261A7C8300EE6864 /* PerkComplicationProvider.swift */; };
		4069D20225C706E700375502 /* CastleEffect.swift in Sources */ = {isa = PBXBuildFile; fileRef = 4069D20125C706E700375502 /* CastleEffect.swift */; };
		4069D20725C7075200375502 /* CastleFire.sks in Resources */ = {isa = PBXBuildFile; fileRef = 4069D20525C7075100375502 /* CastleFire.sks */; };
		4069D20825C7075200375502 /* Assets.xcassets in Resources */ = {isa = PBXBuildFile; fileRef = 4069D20625C7075200375502 /* Assets.xcassets */; };
		4069D20B25C707F500375502 /* SparklingCastle.sks in Resources */ = {isa = PBXBuildFile; fileRef = 4069D20A25C707F500375502 /* SparklingCastle.sks */; };
		4069D20F25C7086300375502 /* SpriteKit.framework in Frameworks */ = {isa = PBXBuildFile; fileRef = 4069D20E25C7086300375502 /* SpriteKit.framework */; };
		407BC27D261A8CCE001E5531 /* CastleComplication.swift in Sources */ = {isa = PBXBuildFile; fileRef = 407BC27C261A8CCE001E5531 /* CastleComplication.swift */; };
		407BC282261A9130001E5531 /* GetCastleWithLowestHP.swift in Sources */ = {isa = PBXBuildFile; fileRef = 407BC281261A9130001E5531 /* GetCastleWithLowestHP.swift */; };
		407BC287261A91B6001E5531 /* CastleComplicationProvider.swift in Sources */ = {isa = PBXBuildFile; fileRef = 407BC286261A91B6001E5531 /* CastleComplicationProvider.swift */; };
		40BAC3DC2640CA870078E82F /* GetCastleWithHighestAttack.swift in Sources */ = {isa = PBXBuildFile; fileRef = 40BAC3D22640CA830078E82F /* GetCastleWithHighestAttack.swift */; };
		40BAC3EB2640D3E90078E82F /* KindgdomService.swift in Sources */ = {isa = PBXBuildFile; fileRef = 40BAC3EA2640D3E90078E82F /* KindgdomService.swift */; };
		40BC931F2606448F00B544B3 /* Assets.xcassets in Resources */ = {isa = PBXBuildFile; fileRef = 40BC931E2606448F00B544B3 /* Assets.xcassets */; };
		40BC93262606448F00B544B3 /* CastlesWatch Extension.appex in Embed App Extensions */ = {isa = PBXBuildFile; fileRef = 40BC93252606448F00B544B3 /* CastlesWatch Extension.appex */; settings = {ATTRIBUTES = (RemoveHeadersOnCopy, ); }; };
		40BC932F2606448F00B544B3 /* NotificationController.swift in Sources */ = {isa = PBXBuildFile; fileRef = 40BC932E2606448F00B544B3 /* NotificationController.swift */; };
		40BC93312606448F00B544B3 /* NotificationView.swift in Sources */ = {isa = PBXBuildFile; fileRef = 40BC93302606448F00B544B3 /* NotificationView.swift */; };
		40BC93332606448F00B544B3 /* ComplicationController.swift in Sources */ = {isa = PBXBuildFile; fileRef = 40BC93322606448F00B544B3 /* ComplicationController.swift */; };
		40BC93352606449000B544B3 /* Assets.xcassets in Resources */ = {isa = PBXBuildFile; fileRef = 40BC93342606449000B544B3 /* Assets.xcassets */; };
		40BC93382606449000B544B3 /* Preview Assets.xcassets in Resources */ = {isa = PBXBuildFile; fileRef = 40BC93372606449000B544B3 /* Preview Assets.xcassets */; };
		40BC933D2606449000B544B3 /* CastlesWatch.app in Embed Watch Content */ = {isa = PBXBuildFile; fileRef = 40BC931C2606448E00B544B3 /* CastlesWatch.app */; settings = {ATTRIBUTES = (RemoveHeadersOnCopy, ); }; };
		40BC934B260644E500B544B3 /* WatchConnectivityConstants.swift in Sources */ = {isa = PBXBuildFile; fileRef = 40BC934A260644E500B544B3 /* WatchConnectivityConstants.swift */; };
		40BC934C260644E500B544B3 /* WatchConnectivityConstants.swift in Sources */ = {isa = PBXBuildFile; fileRef = 40BC934A260644E500B544B3 /* WatchConnectivityConstants.swift */; };
		40BC9360260645D200B544B3 /* GetGoldPublisher.swift in Sources */ = {isa = PBXBuildFile; fileRef = 40BC9354260645D100B544B3 /* GetGoldPublisher.swift */; };
		40BC9361260645D200B544B3 /* StartPhoneSession.swift in Sources */ = {isa = PBXBuildFile; fileRef = 40BC9355260645D100B544B3 /* StartPhoneSession.swift */; };
		40BC9362260645D200B544B3 /* PerformPlayerAction.swift in Sources */ = {isa = PBXBuildFile; fileRef = 40BC9356260645D100B544B3 /* PerformPlayerAction.swift */; };
		40BC9363260645D200B544B3 /* GetCastlesPublisher.swift in Sources */ = {isa = PBXBuildFile; fileRef = 40BC9357260645D100B544B3 /* GetCastlesPublisher.swift */; };
		40BC9364260645D200B544B3 /* DashboardView.swift in Sources */ = {isa = PBXBuildFile; fileRef = 40BC935A260645D100B544B3 /* DashboardView.swift */; };
		40BC9365260645D200B544B3 /* DashboardViewModel.swift in Sources */ = {isa = PBXBuildFile; fileRef = 40BC935B260645D100B544B3 /* DashboardViewModel.swift */; };
		40BC9366260645D200B544B3 /* CastlesAppViewModel.swift in Sources */ = {isa = PBXBuildFile; fileRef = 40BC935C260645D100B544B3 /* CastlesAppViewModel.swift */; };
		40BC9367260645D200B544B3 /* CastlesApp.swift in Sources */ = {isa = PBXBuildFile; fileRef = 40BC935D260645D100B544B3 /* CastlesApp.swift */; };
		40BC9368260645D200B544B3 /* KingdomService.swift in Sources */ = {isa = PBXBuildFile; fileRef = 40BC935F260645D100B544B3 /* KingdomService.swift */; };
		40BC9372260645F300B544B3 /* Kingdom.swift in Sources */ = {isa = PBXBuildFile; fileRef = 403ECE2625B338B4001203F1 /* Kingdom.swift */; };
		40BC9373260645F300B544B3 /* Castle.swift in Sources */ = {isa = PBXBuildFile; fileRef = 403ECE2825B338B4001203F1 /* Castle.swift */; };
		40BC93772606460500B544B3 /* CurrencyPresenter.swift in Sources */ = {isa = PBXBuildFile; fileRef = 403ECE4125B338C8001203F1 /* CurrencyPresenter.swift */; };
		40BC937D2606465D00B544B3 /* StartWatchSession.swift in Sources */ = {isa = PBXBuildFile; fileRef = 40BC937B2606465D00B544B3 /* StartWatchSession.swift */; };
		40BC937E2606465D00B544B3 /* SyncWatchContext.swift in Sources */ = {isa = PBXBuildFile; fileRef = 40BC937C2606465D00B544B3 /* SyncWatchContext.swift */; };
		40FA9AA325F5274C007D90D0 /* ProfileView.swift in Sources */ = {isa = PBXBuildFile; fileRef = 40FA9AA225F5274C007D90D0 /* ProfileView.swift */; };
		40FA9AA625F528DD007D90D0 /* SlideInView.swift in Sources */ = {isa = PBXBuildFile; fileRef = 40FA9AA525F528DD007D90D0 /* SlideInView.swift */; };
		40FA9AAA25F52B11007D90D0 /* SlideInViewModifier.swift in Sources */ = {isa = PBXBuildFile; fileRef = 40FA9AA925F52B11007D90D0 /* SlideInViewModifier.swift */; };
		40FCA4D2263F11E500E843BD /* WidgetKit.framework in Frameworks */ = {isa = PBXBuildFile; fileRef = 40FCA4D1263F11E500E843BD /* WidgetKit.framework */; };
		40FCA4D4263F11E500E843BD /* SwiftUI.framework in Frameworks */ = {isa = PBXBuildFile; fileRef = 40FCA4D3263F11E500E843BD /* SwiftUI.framework */; };
		40FCA4D7263F11E500E843BD /* CastleTimelineProvider.swift in Sources */ = {isa = PBXBuildFile; fileRef = 40FCA4D6263F11E500E843BD /* CastleTimelineProvider.swift */; };
		40FCA4DA263F11E600E843BD /* Assets.xcassets in Resources */ = {isa = PBXBuildFile; fileRef = 40FCA4D9263F11E600E843BD /* Assets.xcassets */; };
		40FCA4DC263F11E600E843BD /* CastlesWidgets.intentdefinition in Sources */ = {isa = PBXBuildFile; fileRef = 40FCA4D8263F11E500E843BD /* CastlesWidgets.intentdefinition */; };
		40FCA4DD263F11E600E843BD /* CastlesWidgets.intentdefinition in Sources */ = {isa = PBXBuildFile; fileRef = 40FCA4D8263F11E500E843BD /* CastlesWidgets.intentdefinition */; };
		40FCA4E0263F11E600E843BD /* CastlesWidgetsExtension.appex in Embed App Extensions */ = {isa = PBXBuildFile; fileRef = 40FCA4D0263F11E400E843BD /* CastlesWidgetsExtension.appex */; settings = {ATTRIBUTES = (RemoveHeadersOnCopy, ); }; };
		40FCA4E9263F11FE00E843BD /* Castle.swift in Sources */ = {isa = PBXBuildFile; fileRef = 403ECE2825B338B4001203F1 /* Castle.swift */; };
		40FCA4F4263F124200E843BD /* WidgetsBundle.swift in Sources */ = {isa = PBXBuildFile; fileRef = 40FCA4EE263F123300E843BD /* WidgetsBundle.swift */; };
		40FCA4FF263F12F600E843BD /* CastleWidget.swift in Sources */ = {isa = PBXBuildFile; fileRef = 40FCA4FE263F12F600E843BD /* CastleWidget.swift */; };
/* End PBXBuildFile section */

/* Begin PBXContainerItemProxy section */
		408D3FA526064AF600C8D8FF /* PBXContainerItemProxy */ = {
			isa = PBXContainerItemProxy;
			containerPortal = 403ECE0025B3372A001203F1 /* Project object */;
			proxyType = 1;
			remoteGlobalIDString = 40BC931B2606448E00B544B3;
			remoteInfo = CastlesWatch;
		};
		40BC93272606448F00B544B3 /* PBXContainerItemProxy */ = {
			isa = PBXContainerItemProxy;
			containerPortal = 403ECE0025B3372A001203F1 /* Project object */;
			proxyType = 1;
			remoteGlobalIDString = 40BC93242606448F00B544B3;
			remoteInfo = "CastlesWatch Extension";
		};
		40FCA4DE263F11E600E843BD /* PBXContainerItemProxy */ = {
			isa = PBXContainerItemProxy;
			containerPortal = 403ECE0025B3372A001203F1 /* Project object */;
			proxyType = 1;
			remoteGlobalIDString = 40FCA4CF263F11E400E843BD;
			remoteInfo = CastlesWidgetsExtension;
		};
/* End PBXContainerItemProxy section */

/* Begin PBXCopyFilesBuildPhase section */
		40BC933E2606449000B544B3 /* Embed Watch Content */ = {
			isa = PBXCopyFilesBuildPhase;
			buildActionMask = 2147483647;
			dstPath = "$(CONTENTS_FOLDER_PATH)/Watch";
			dstSubfolderSpec = 16;
			files = (
				40BC933D2606449000B544B3 /* CastlesWatch.app in Embed Watch Content */,
			);
			name = "Embed Watch Content";
			runOnlyForDeploymentPostprocessing = 0;
		};
		40BC93412606449000B544B3 /* Embed App Extensions */ = {
			isa = PBXCopyFilesBuildPhase;
			buildActionMask = 2147483647;
			dstPath = "";
			dstSubfolderSpec = 13;
			files = (
				40BC93262606448F00B544B3 /* CastlesWatch Extension.appex in Embed App Extensions */,
			);
			name = "Embed App Extensions";
			runOnlyForDeploymentPostprocessing = 0;
		};
		40FCA4E1263F11E600E843BD /* Embed App Extensions */ = {
			isa = PBXCopyFilesBuildPhase;
			buildActionMask = 2147483647;
			dstPath = "";
			dstSubfolderSpec = 13;
			files = (
				40FCA4E0263F11E600E843BD /* CastlesWidgetsExtension.appex in Embed App Extensions */,
			);
			name = "Embed App Extensions";
			runOnlyForDeploymentPostprocessing = 0;
		};
/* End PBXCopyFilesBuildPhase section */

/* Begin PBXFileReference section */
		400C8B3A2ADE02E500A94D3F /* PerkActivityConfiguration.swift */ = {isa = PBXFileReference; lastKnownFileType = sourcecode.swift; path = PerkActivityConfiguration.swift; sourceTree = "<group>"; };
		400C8B3C2ADE034600A94D3F /* PerkAttributes.swift */ = {isa = PBXFileReference; lastKnownFileType = sourcecode.swift; path = PerkAttributes.swift; sourceTree = "<group>"; };
		400C8B3F2ADE082200A94D3F /* StartPerkActivity.swift */ = {isa = PBXFileReference; lastKnownFileType = sourcecode.swift; path = StartPerkActivity.swift; sourceTree = "<group>"; };
		400C8B412ADE0B3A00A94D3F /* ScheduleActivityBGTask.swift */ = {isa = PBXFileReference; lastKnownFileType = sourcecode.swift; path = ScheduleActivityBGTask.swift; sourceTree = "<group>"; };
		400C8B432ADE0BA800A94D3F /* HandleActivtyUpdateTask.swift */ = {isa = PBXFileReference; lastKnownFileType = sourcecode.swift; path = HandleActivtyUpdateTask.swift; sourceTree = "<group>"; };
		400FF51F2640D54C00B1D45B /* PerkTimelineProvider.swift */ = {isa = PBXFileReference; lastKnownFileType = sourcecode.swift; path = PerkTimelineProvider.swift; sourceTree = "<group>"; };
		400FF5252640D56900B1D45B /* PerkWidget.swift */ = {isa = PBXFileReference; lastKnownFileType = sourcecode.swift; path = PerkWidget.swift; sourceTree = "<group>"; };
		400FF5302640D99E00B1D45B /* PerkService.swift */ = {isa = PBXFileReference; lastKnownFileType = sourcecode.swift; path = PerkService.swift; sourceTree = "<group>"; };
		400FF5362640DA2E00B1D45B /* GetPerkWithMostRecentCooldown.swift */ = {isa = PBXFileReference; lastKnownFileType = sourcecode.swift; path = GetPerkWithMostRecentCooldown.swift; sourceTree = "<group>"; };
		4028AFE925BC7F6200B4589A /* OutcomeViewModel.swift */ = {isa = PBXFileReference; lastKnownFileType = sourcecode.swift; path = OutcomeViewModel.swift; sourceTree = "<group>"; };
		4028AFEC25BC7F9700B4589A /* OutcomeView.swift */ = {isa = PBXFileReference; lastKnownFileType = sourcecode.swift; path = OutcomeView.swift; sourceTree = "<group>"; };
		4028DF3E25B7BB6600455EC6 /* CastleCell.swift */ = {isa = PBXFileReference; lastKnownFileType = sourcecode.swift; path = CastleCell.swift; sourceTree = "<group>"; };
		4028E0A425BC98D5005F6906 /* ShopViewModel.swift */ = {isa = PBXFileReference; lastKnownFileType = sourcecode.swift; path = ShopViewModel.swift; sourceTree = "<group>"; };
		4028E0A725BC9A37005F6906 /* ShopItemPresenter.swift */ = {isa = PBXFileReference; lastKnownFileType = sourcecode.swift; path = ShopItemPresenter.swift; sourceTree = "<group>"; };
		4028E0AA25BC9AAE005F6906 /* CastleItemPresenter.swift */ = {isa = PBXFileReference; lastKnownFileType = sourcecode.swift; path = CastleItemPresenter.swift; sourceTree = "<group>"; };
		4028E0AD25BC9D5E005F6906 /* ShopView.swift */ = {isa = PBXFileReference; lastKnownFileType = sourcecode.swift; path = ShopView.swift; sourceTree = "<group>"; };
		403ECE0825B3372A001203F1 /* Castles.app */ = {isa = PBXFileReference; explicitFileType = wrapper.application; includeInIndex = 0; path = Castles.app; sourceTree = BUILT_PRODUCTS_DIR; };
		403ECE0B25B3372A001203F1 /* CastlesApp.swift */ = {isa = PBXFileReference; lastKnownFileType = sourcecode.swift; path = CastlesApp.swift; sourceTree = "<group>"; };
		403ECE0F25B3372B001203F1 /* Assets.xcassets */ = {isa = PBXFileReference; lastKnownFileType = folder.assetcatalog; path = Assets.xcassets; sourceTree = "<group>"; };
		403ECE1225B3372B001203F1 /* Preview Assets.xcassets */ = {isa = PBXFileReference; lastKnownFileType = folder.assetcatalog; path = "Preview Assets.xcassets"; sourceTree = "<group>"; };
		403ECE1425B3372B001203F1 /* Info.plist */ = {isa = PBXFileReference; lastKnownFileType = text.plist.xml; path = Info.plist; sourceTree = "<group>"; };
		403ECE2625B338B4001203F1 /* Kingdom.swift */ = {isa = PBXFileReference; fileEncoding = 4; lastKnownFileType = sourcecode.swift; path = Kingdom.swift; sourceTree = "<group>"; };
		403ECE2725B338B4001203F1 /* Outcome.swift */ = {isa = PBXFileReference; fileEncoding = 4; lastKnownFileType = sourcecode.swift; path = Outcome.swift; sourceTree = "<group>"; };
		403ECE2825B338B4001203F1 /* Castle.swift */ = {isa = PBXFileReference; fileEncoding = 4; lastKnownFileType = sourcecode.swift; path = Castle.swift; sourceTree = "<group>"; };
		403ECE2925B338B4001203F1 /* ShopItem.swift */ = {isa = PBXFileReference; fileEncoding = 4; lastKnownFileType = sourcecode.swift; path = ShopItem.swift; sourceTree = "<group>"; };
		403ECE2A25B338B4001203F1 /* Turm.swift */ = {isa = PBXFileReference; fileEncoding = 4; lastKnownFileType = sourcecode.swift; path = Turm.swift; sourceTree = "<group>"; };
		403ECE2B25B338B4001203F1 /* CastleItem.swift */ = {isa = PBXFileReference; fileEncoding = 4; lastKnownFileType = sourcecode.swift; path = CastleItem.swift; sourceTree = "<group>"; };
		403ECE3425B338C8001203F1 /* PurchaseShopItem.swift */ = {isa = PBXFileReference; fileEncoding = 4; lastKnownFileType = sourcecode.swift; path = PurchaseShopItem.swift; sourceTree = "<group>"; };
		403ECE3525B338C8001203F1 /* GetOutcomePublisher.swift */ = {isa = PBXFileReference; fileEncoding = 4; lastKnownFileType = sourcecode.swift; path = GetOutcomePublisher.swift; sourceTree = "<group>"; };
		403ECE3625B338C8001203F1 /* CreateCastle.swift */ = {isa = PBXFileReference; fileEncoding = 4; lastKnownFileType = sourcecode.swift; path = CreateCastle.swift; sourceTree = "<group>"; };
		403ECE3725B338C8001203F1 /* GetGoldPublisher.swift */ = {isa = PBXFileReference; fileEncoding = 4; lastKnownFileType = sourcecode.swift; path = GetGoldPublisher.swift; sourceTree = "<group>"; };
		403ECE3825B338C8001203F1 /* UseCastleItem.swift */ = {isa = PBXFileReference; fileEncoding = 4; lastKnownFileType = sourcecode.swift; path = UseCastleItem.swift; sourceTree = "<group>"; };
		403ECE3925B338C8001203F1 /* GetShopItemPublisher.swift */ = {isa = PBXFileReference; fileEncoding = 4; lastKnownFileType = sourcecode.swift; path = GetShopItemPublisher.swift; sourceTree = "<group>"; };
		403ECE3A25B338C8001203F1 /* GetTurnPublisher.swift */ = {isa = PBXFileReference; fileEncoding = 4; lastKnownFileType = sourcecode.swift; path = GetTurnPublisher.swift; sourceTree = "<group>"; };
		403ECE3B25B338C8001203F1 /* PerformBarbarianTurn.swift */ = {isa = PBXFileReference; fileEncoding = 4; lastKnownFileType = sourcecode.swift; path = PerformBarbarianTurn.swift; sourceTree = "<group>"; };
		403ECE3C25B338C8001203F1 /* PerformPlayerTurn.swift */ = {isa = PBXFileReference; fileEncoding = 4; lastKnownFileType = sourcecode.swift; path = PerformPlayerTurn.swift; sourceTree = "<group>"; };
		403ECE3D25B338C8001203F1 /* GetCastles.swift */ = {isa = PBXFileReference; fileEncoding = 4; lastKnownFileType = sourcecode.swift; path = GetCastles.swift; sourceTree = "<group>"; };
		403ECE3E25B338C8001203F1 /* MoveToNextTurn.swift */ = {isa = PBXFileReference; fileEncoding = 4; lastKnownFileType = sourcecode.swift; path = MoveToNextTurn.swift; sourceTree = "<group>"; };
		403ECE3F25B338C8001203F1 /* GetCastlesPublisher.swift */ = {isa = PBXFileReference; fileEncoding = 4; lastKnownFileType = sourcecode.swift; path = GetCastlesPublisher.swift; sourceTree = "<group>"; };
		403ECE4125B338C8001203F1 /* CurrencyPresenter.swift */ = {isa = PBXFileReference; fileEncoding = 4; lastKnownFileType = sourcecode.swift; path = CurrencyPresenter.swift; sourceTree = "<group>"; };
		403ECE4225B338C8001203F1 /* CastlePresenter.swift */ = {isa = PBXFileReference; fileEncoding = 4; lastKnownFileType = sourcecode.swift; path = CastlePresenter.swift; sourceTree = "<group>"; };
		403ECE4325B338C8001203F1 /* TurnPresenter.swift */ = {isa = PBXFileReference; fileEncoding = 4; lastKnownFileType = sourcecode.swift; path = TurnPresenter.swift; sourceTree = "<group>"; };
		403ECE4725B338C8001203F1 /* ShopService.swift */ = {isa = PBXFileReference; fileEncoding = 4; lastKnownFileType = sourcecode.swift; path = ShopService.swift; sourceTree = "<group>"; };
		403ECE4825B338C8001203F1 /* TurnService.swift */ = {isa = PBXFileReference; fileEncoding = 4; lastKnownFileType = sourcecode.swift; path = TurnService.swift; sourceTree = "<group>"; };
		403ECE4925B338C8001203F1 /* OutcomeService.swift */ = {isa = PBXFileReference; fileEncoding = 4; lastKnownFileType = sourcecode.swift; path = OutcomeService.swift; sourceTree = "<group>"; };
		403ECE4A25B338C8001203F1 /* KingdomService.swift */ = {isa = PBXFileReference; fileEncoding = 4; lastKnownFileType = sourcecode.swift; path = KingdomService.swift; sourceTree = "<group>"; };
		403ECE6525B3391D001203F1 /* DashboardView.swift */ = {isa = PBXFileReference; lastKnownFileType = sourcecode.swift; path = DashboardView.swift; sourceTree = "<group>"; };
		403ECE6925B33964001203F1 /* DashboardViewModel.swift */ = {isa = PBXFileReference; lastKnownFileType = sourcecode.swift; path = DashboardViewModel.swift; sourceTree = "<group>"; };
		403ECE6D25B33F5C001203F1 /* ActionCell.swift */ = {isa = PBXFileReference; lastKnownFileType = sourcecode.swift; path = ActionCell.swift; sourceTree = "<group>"; };
		4045221925D61471007C3C26 /* Perk.swift */ = {isa = PBXFileReference; lastKnownFileType = sourcecode.swift; path = Perk.swift; sourceTree = "<group>"; };
		4045221D25D614E0007C3C26 /* PerkService.swift */ = {isa = PBXFileReference; lastKnownFileType = sourcecode.swift; path = PerkService.swift; sourceTree = "<group>"; };
		4045222025D616BE007C3C26 /* GetPerksPublisher.swift */ = {isa = PBXFileReference; lastKnownFileType = sourcecode.swift; path = GetPerksPublisher.swift; sourceTree = "<group>"; };
		4045222325D61708007C3C26 /* UsePerk.swift */ = {isa = PBXFileReference; lastKnownFileType = sourcecode.swift; path = UsePerk.swift; sourceTree = "<group>"; };
		4045222725D61B13007C3C26 /* PerkPresenter.swift */ = {isa = PBXFileReference; lastKnownFileType = sourcecode.swift; path = PerkPresenter.swift; sourceTree = "<group>"; };
		4045222B25D61E54007C3C26 /* ProgressView.swift */ = {isa = PBXFileReference; lastKnownFileType = sourcecode.swift; path = ProgressView.swift; sourceTree = "<group>"; };
		4045222F25D61E80007C3C26 /* ProgressViewModel.swift */ = {isa = PBXFileReference; lastKnownFileType = sourcecode.swift; path = ProgressViewModel.swift; sourceTree = "<group>"; };
		404BFB0C25C3A02400342556 /* CastlesError.swift */ = {isa = PBXFileReference; lastKnownFileType = sourcecode.swift; path = CastlesError.swift; sourceTree = "<group>"; };
		404BFB0F25C3A11C00342556 /* ErrorMessageViewModel.swift */ = {isa = PBXFileReference; lastKnownFileType = sourcecode.swift; path = ErrorMessageViewModel.swift; sourceTree = "<group>"; };
		4050567C25DACB0D00CA7639 /* PerkNotificationService.swift */ = {isa = PBXFileReference; lastKnownFileType = sourcecode.swift; path = PerkNotificationService.swift; sourceTree = "<group>"; };
		4050567F25DACD0A00CA7639 /* GetPerkNotificationActionPublisher.swift */ = {isa = PBXFileReference; lastKnownFileType = sourcecode.swift; path = GetPerkNotificationActionPublisher.swift; sourceTree = "<group>"; };
		4050568225DACD6D00CA7639 /* ScheduleNotificationForPerk.swift */ = {isa = PBXFileReference; lastKnownFileType = sourcecode.swift; path = ScheduleNotificationForPerk.swift; sourceTree = "<group>"; };
		4050568725DAD3B600CA7639 /* SyncPerkNotificationActions.swift */ = {isa = PBXFileReference; lastKnownFileType = sourcecode.swift; path = SyncPerkNotificationActions.swift; sourceTree = "<group>"; };
		4050568A25DAD49E00CA7639 /* CastlesAppViewModel.swift */ = {isa = PBXFileReference; lastKnownFileType = sourcecode.swift; path = CastlesAppViewModel.swift; sourceTree = "<group>"; };
		405CA007263F4216008E198B /* Castles.entitlements */ = {isa = PBXFileReference; lastKnownFileType = text.plist.entitlements; path = Castles.entitlements; sourceTree = "<group>"; };
		405CA010263F4258008E198B /* CastlesWidgetsExtension.entitlements */ = {isa = PBXFileReference; lastKnownFileType = text.plist.entitlements; path = CastlesWidgetsExtension.entitlements; sourceTree = "<group>"; };
		4068E5F4261A758800EE6864 /* PerksService.swift */ = {isa = PBXFileReference; lastKnownFileType = sourcecode.swift; path = PerksService.swift; sourceTree = "<group>"; };
		4068E5FB261A768700EE6864 /* ShortcutComplication.swift */ = {isa = PBXFileReference; lastKnownFileType = sourcecode.swift; path = ShortcutComplication.swift; sourceTree = "<group>"; };
		4068E602261A778600EE6864 /* ShortcutComplicationProvider.swift */ = {isa = PBXFileReference; lastKnownFileType = sourcecode.swift; path = ShortcutComplicationProvider.swift; sourceTree = "<group>"; };
		4068E607261A7A8000EE6864 /* PerkComplication.swift */ = {isa = PBXFileReference; lastKnownFileType = sourcecode.swift; path = PerkComplication.swift; sourceTree = "<group>"; };
		4068E60C261A7BFC00EE6864 /* GetPerkWithClosestCooldown.swift */ = {isa = PBXFileReference; lastKnownFileType = sourcecode.swift; path = GetPerkWithClosestCooldown.swift; sourceTree = "<group>"; };
		4068E611261A7C8300EE6864 /* PerkComplicationProvider.swift */ = {isa = PBXFileReference; lastKnownFileType = sourcecode.swift; path = PerkComplicationProvider.swift; sourceTree = "<group>"; };
		4069D20125C706E700375502 /* CastleEffect.swift */ = {isa = PBXFileReference; lastKnownFileType = sourcecode.swift; path = CastleEffect.swift; sourceTree = "<group>"; };
		4069D20525C7075100375502 /* CastleFire.sks */ = {isa = PBXFileReference; lastKnownFileType = file.sks; path = CastleFire.sks; sourceTree = "<group>"; };
		4069D20625C7075200375502 /* Assets.xcassets */ = {isa = PBXFileReference; lastKnownFileType = folder.assetcatalog; path = Assets.xcassets; sourceTree = "<group>"; };
		4069D20A25C707F500375502 /* SparklingCastle.sks */ = {isa = PBXFileReference; lastKnownFileType = file.sks; path = SparklingCastle.sks; sourceTree = "<group>"; };
		4069D20E25C7086300375502 /* SpriteKit.framework */ = {isa = PBXFileReference; lastKnownFileType = wrapper.framework; name = SpriteKit.framework; path = System/Library/Frameworks/SpriteKit.framework; sourceTree = SDKROOT; };
		407BC27C261A8CCE001E5531 /* CastleComplication.swift */ = {isa = PBXFileReference; lastKnownFileType = sourcecode.swift; path = CastleComplication.swift; sourceTree = "<group>"; };
		407BC281261A9130001E5531 /* GetCastleWithLowestHP.swift */ = {isa = PBXFileReference; lastKnownFileType = sourcecode.swift; path = GetCastleWithLowestHP.swift; sourceTree = "<group>"; };
		407BC286261A91B6001E5531 /* CastleComplicationProvider.swift */ = {isa = PBXFileReference; lastKnownFileType = sourcecode.swift; path = CastleComplicationProvider.swift; sourceTree = "<group>"; };
		40BAC3D22640CA830078E82F /* GetCastleWithHighestAttack.swift */ = {isa = PBXFileReference; lastKnownFileType = sourcecode.swift; path = GetCastleWithHighestAttack.swift; sourceTree = "<group>"; };
		40BAC3EA2640D3E90078E82F /* KindgdomService.swift */ = {isa = PBXFileReference; lastKnownFileType = sourcecode.swift; path = KindgdomService.swift; sourceTree = "<group>"; };
		40BC931C2606448E00B544B3 /* CastlesWatch.app */ = {isa = PBXFileReference; explicitFileType = wrapper.application; includeInIndex = 0; path = CastlesWatch.app; sourceTree = BUILT_PRODUCTS_DIR; };
		40BC931E2606448F00B544B3 /* Assets.xcassets */ = {isa = PBXFileReference; lastKnownFileType = folder.assetcatalog; path = Assets.xcassets; sourceTree = "<group>"; };
		40BC93202606448F00B544B3 /* Info.plist */ = {isa = PBXFileReference; lastKnownFileType = text.plist.xml; path = Info.plist; sourceTree = "<group>"; };
		40BC93252606448F00B544B3 /* CastlesWatch Extension.appex */ = {isa = PBXFileReference; explicitFileType = "wrapper.app-extension"; includeInIndex = 0; path = "CastlesWatch Extension.appex"; sourceTree = BUILT_PRODUCTS_DIR; };
		40BC932E2606448F00B544B3 /* NotificationController.swift */ = {isa = PBXFileReference; lastKnownFileType = sourcecode.swift; path = NotificationController.swift; sourceTree = "<group>"; };
		40BC93302606448F00B544B3 /* NotificationView.swift */ = {isa = PBXFileReference; lastKnownFileType = sourcecode.swift; path = NotificationView.swift; sourceTree = "<group>"; };
		40BC93322606448F00B544B3 /* ComplicationController.swift */ = {isa = PBXFileReference; lastKnownFileType = sourcecode.swift; path = ComplicationController.swift; sourceTree = "<group>"; };
		40BC93342606449000B544B3 /* Assets.xcassets */ = {isa = PBXFileReference; lastKnownFileType = folder.assetcatalog; path = Assets.xcassets; sourceTree = "<group>"; };
		40BC93372606449000B544B3 /* Preview Assets.xcassets */ = {isa = PBXFileReference; lastKnownFileType = folder.assetcatalog; path = "Preview Assets.xcassets"; sourceTree = "<group>"; };
		40BC93392606449000B544B3 /* Info.plist */ = {isa = PBXFileReference; lastKnownFileType = text.plist.xml; path = Info.plist; sourceTree = "<group>"; };
		40BC933A2606449000B544B3 /* PushNotificationPayload.apns */ = {isa = PBXFileReference; lastKnownFileType = text; path = PushNotificationPayload.apns; sourceTree = "<group>"; };
		40BC934A260644E500B544B3 /* WatchConnectivityConstants.swift */ = {isa = PBXFileReference; fileEncoding = 4; lastKnownFileType = sourcecode.swift; path = WatchConnectivityConstants.swift; sourceTree = "<group>"; };
		40BC9354260645D100B544B3 /* GetGoldPublisher.swift */ = {isa = PBXFileReference; fileEncoding = 4; lastKnownFileType = sourcecode.swift; path = GetGoldPublisher.swift; sourceTree = "<group>"; };
		40BC9355260645D100B544B3 /* StartPhoneSession.swift */ = {isa = PBXFileReference; fileEncoding = 4; lastKnownFileType = sourcecode.swift; path = StartPhoneSession.swift; sourceTree = "<group>"; };
		40BC9356260645D100B544B3 /* PerformPlayerAction.swift */ = {isa = PBXFileReference; fileEncoding = 4; lastKnownFileType = sourcecode.swift; path = PerformPlayerAction.swift; sourceTree = "<group>"; };
		40BC9357260645D100B544B3 /* GetCastlesPublisher.swift */ = {isa = PBXFileReference; fileEncoding = 4; lastKnownFileType = sourcecode.swift; path = GetCastlesPublisher.swift; sourceTree = "<group>"; };
		40BC935A260645D100B544B3 /* DashboardView.swift */ = {isa = PBXFileReference; fileEncoding = 4; lastKnownFileType = sourcecode.swift; path = DashboardView.swift; sourceTree = "<group>"; };
		40BC935B260645D100B544B3 /* DashboardViewModel.swift */ = {isa = PBXFileReference; fileEncoding = 4; lastKnownFileType = sourcecode.swift; path = DashboardViewModel.swift; sourceTree = "<group>"; };
		40BC935C260645D100B544B3 /* CastlesAppViewModel.swift */ = {isa = PBXFileReference; fileEncoding = 4; lastKnownFileType = sourcecode.swift; path = CastlesAppViewModel.swift; sourceTree = "<group>"; };
		40BC935D260645D100B544B3 /* CastlesApp.swift */ = {isa = PBXFileReference; fileEncoding = 4; lastKnownFileType = sourcecode.swift; path = CastlesApp.swift; sourceTree = "<group>"; };
		40BC935F260645D100B544B3 /* KingdomService.swift */ = {isa = PBXFileReference; fileEncoding = 4; lastKnownFileType = sourcecode.swift; path = KingdomService.swift; sourceTree = "<group>"; };
		40BC937B2606465D00B544B3 /* StartWatchSession.swift */ = {isa = PBXFileReference; fileEncoding = 4; lastKnownFileType = sourcecode.swift; path = StartWatchSession.swift; sourceTree = "<group>"; };
		40BC937C2606465D00B544B3 /* SyncWatchContext.swift */ = {isa = PBXFileReference; fileEncoding = 4; lastKnownFileType = sourcecode.swift; path = SyncWatchContext.swift; sourceTree = "<group>"; };
		40FA9AA225F5274C007D90D0 /* ProfileView.swift */ = {isa = PBXFileReference; lastKnownFileType = sourcecode.swift; path = ProfileView.swift; sourceTree = "<group>"; };
		40FA9AA525F528DD007D90D0 /* SlideInView.swift */ = {isa = PBXFileReference; lastKnownFileType = sourcecode.swift; path = SlideInView.swift; sourceTree = "<group>"; };
		40FA9AA925F52B11007D90D0 /* SlideInViewModifier.swift */ = {isa = PBXFileReference; lastKnownFileType = sourcecode.swift; path = SlideInViewModifier.swift; sourceTree = "<group>"; };
		40FCA4D0263F11E400E843BD /* CastlesWidgetsExtension.appex */ = {isa = PBXFileReference; explicitFileType = "wrapper.app-extension"; includeInIndex = 0; path = CastlesWidgetsExtension.appex; sourceTree = BUILT_PRODUCTS_DIR; };
		40FCA4D1263F11E500E843BD /* WidgetKit.framework */ = {isa = PBXFileReference; lastKnownFileType = wrapper.framework; name = WidgetKit.framework; path = System/Library/Frameworks/WidgetKit.framework; sourceTree = SDKROOT; };
		40FCA4D3263F11E500E843BD /* SwiftUI.framework */ = {isa = PBXFileReference; lastKnownFileType = wrapper.framework; name = SwiftUI.framework; path = System/Library/Frameworks/SwiftUI.framework; sourceTree = SDKROOT; };
		40FCA4D6263F11E500E843BD /* CastleTimelineProvider.swift */ = {isa = PBXFileReference; lastKnownFileType = sourcecode.swift; path = CastleTimelineProvider.swift; sourceTree = "<group>"; };
		40FCA4D8263F11E500E843BD /* CastlesWidgets.intentdefinition */ = {isa = PBXFileReference; lastKnownFileType = file.intentdefinition; path = CastlesWidgets.intentdefinition; sourceTree = "<group>"; };
		40FCA4D9263F11E600E843BD /* Assets.xcassets */ = {isa = PBXFileReference; lastKnownFileType = folder.assetcatalog; path = Assets.xcassets; sourceTree = "<group>"; };
		40FCA4DB263F11E600E843BD /* Info.plist */ = {isa = PBXFileReference; lastKnownFileType = text.plist.xml; path = Info.plist; sourceTree = "<group>"; };
		40FCA4EE263F123300E843BD /* WidgetsBundle.swift */ = {isa = PBXFileReference; lastKnownFileType = sourcecode.swift; path = WidgetsBundle.swift; sourceTree = "<group>"; };
		40FCA4FE263F12F600E843BD /* CastleWidget.swift */ = {isa = PBXFileReference; lastKnownFileType = sourcecode.swift; path = CastleWidget.swift; sourceTree = "<group>"; };
/* End PBXFileReference section */

/* Begin PBXFrameworksBuildPhase section */
		403ECE0525B3372A001203F1 /* Frameworks */ = {
			isa = PBXFrameworksBuildPhase;
			buildActionMask = 2147483647;
			files = (
				4069D20F25C7086300375502 /* SpriteKit.framework in Frameworks */,
			);
			runOnlyForDeploymentPostprocessing = 0;
		};
		40BC93222606448F00B544B3 /* Frameworks */ = {
			isa = PBXFrameworksBuildPhase;
			buildActionMask = 2147483647;
			files = (
			);
			runOnlyForDeploymentPostprocessing = 0;
		};
		40FCA4CD263F11E400E843BD /* Frameworks */ = {
			isa = PBXFrameworksBuildPhase;
			buildActionMask = 2147483647;
			files = (
				40FCA4D4263F11E500E843BD /* SwiftUI.framework in Frameworks */,
				40FCA4D2263F11E500E843BD /* WidgetKit.framework in Frameworks */,
			);
			runOnlyForDeploymentPostprocessing = 0;
		};
/* End PBXFrameworksBuildPhase section */

/* Begin PBXGroup section */
		400C8B392ADE02CB00A94D3F /* Activity */ = {
			isa = PBXGroup;
			children = (
				400C8B3A2ADE02E500A94D3F /* PerkActivityConfiguration.swift */,
				400C8B3C2ADE034600A94D3F /* PerkAttributes.swift */,
			);
			path = Activity;
			sourceTree = "<group>";
		};
		4028E0A325BC98C1005F6906 /* Shop */ = {
			isa = PBXGroup;
			children = (
				4028E0A425BC98D5005F6906 /* ShopViewModel.swift */,
				4028E0AD25BC9D5E005F6906 /* ShopView.swift */,
			);
			path = Shop;
			sourceTree = "<group>";
		};
		403ECDFF25B3372A001203F1 = {
			isa = PBXGroup;
			children = (
				405CA010263F4258008E198B /* CastlesWidgetsExtension.entitlements */,
				40BC9349260644C200B544B3 /* Shared */,
				403ECE0A25B3372A001203F1 /* Castles */,
				40BC931D2606448E00B544B3 /* CastlesWatch */,
				40BC93292606448F00B544B3 /* CastlesWatch Extension */,
				40FCA4D5263F11E500E843BD /* CastlesWidgets */,
				403ECE0925B3372A001203F1 /* Products */,
				4069D20D25C7086300375502 /* Frameworks */,
			);
			sourceTree = "<group>";
		};
		403ECE0925B3372A001203F1 /* Products */ = {
			isa = PBXGroup;
			children = (
				403ECE0825B3372A001203F1 /* Castles.app */,
				40BC931C2606448E00B544B3 /* CastlesWatch.app */,
				40BC93252606448F00B544B3 /* CastlesWatch Extension.appex */,
				40FCA4D0263F11E400E843BD /* CastlesWidgetsExtension.appex */,
			);
			name = Products;
			sourceTree = "<group>";
		};
		403ECE0A25B3372A001203F1 /* Castles */ = {
			isa = PBXGroup;
			children = (
				405CA007263F4216008E198B /* Castles.entitlements */,
				403ECE2525B338B4001203F1 /* Model */,
				403ECE4625B338C8001203F1 /* Services */,
				403ECE3325B338C8001203F1 /* UseCases */,
				403ECE4025B338C8001203F1 /* Presenter */,
				4069D20025C706D800375502 /* Presentation */,
				4045222A25D61E44007C3C26 /* Views */,
				403ECE6125B338F9001203F1 /* Scenes */,
				403ECE0B25B3372A001203F1 /* CastlesApp.swift */,
				4050568A25DAD49E00CA7639 /* CastlesAppViewModel.swift */,
				403ECE0F25B3372B001203F1 /* Assets.xcassets */,
				4069D20425C7073D00375502 /* ParticleEffects */,
				403ECE1425B3372B001203F1 /* Info.plist */,
				403ECE1125B3372B001203F1 /* Preview Content */,
			);
			path = Castles;
			sourceTree = "<group>";
		};
		403ECE1125B3372B001203F1 /* Preview Content */ = {
			isa = PBXGroup;
			children = (
				403ECE1225B3372B001203F1 /* Preview Assets.xcassets */,
			);
			path = "Preview Content";
			sourceTree = "<group>";
		};
		403ECE2525B338B4001203F1 /* Model */ = {
			isa = PBXGroup;
			children = (
				403ECE2625B338B4001203F1 /* Kingdom.swift */,
				403ECE2725B338B4001203F1 /* Outcome.swift */,
				403ECE2825B338B4001203F1 /* Castle.swift */,
				403ECE2A25B338B4001203F1 /* Turm.swift */,
				403ECE2925B338B4001203F1 /* ShopItem.swift */,
				403ECE2B25B338B4001203F1 /* CastleItem.swift */,
				4045221925D61471007C3C26 /* Perk.swift */,
			);
			path = Model;
			sourceTree = "<group>";
		};
		403ECE3325B338C8001203F1 /* UseCases */ = {
			isa = PBXGroup;
			children = (
				403ECE3625B338C8001203F1 /* CreateCastle.swift */,
				403ECE3D25B338C8001203F1 /* GetCastles.swift */,
				403ECE3F25B338C8001203F1 /* GetCastlesPublisher.swift */,
				403ECE3725B338C8001203F1 /* GetGoldPublisher.swift */,
				403ECE3525B338C8001203F1 /* GetOutcomePublisher.swift */,
				4045222025D616BE007C3C26 /* GetPerksPublisher.swift */,
				4050567F25DACD0A00CA7639 /* GetPerkNotificationActionPublisher.swift */,
				403ECE3925B338C8001203F1 /* GetShopItemPublisher.swift */,
				403ECE3A25B338C8001203F1 /* GetTurnPublisher.swift */,
				403ECE3E25B338C8001203F1 /* MoveToNextTurn.swift */,
				403ECE3B25B338C8001203F1 /* PerformBarbarianTurn.swift */,
				403ECE3C25B338C8001203F1 /* PerformPlayerTurn.swift */,
				403ECE3425B338C8001203F1 /* PurchaseShopItem.swift */,
				4050568225DACD6D00CA7639 /* ScheduleNotificationForPerk.swift */,
				403ECE3825B338C8001203F1 /* UseCastleItem.swift */,
				4045222325D61708007C3C26 /* UsePerk.swift */,
				4050568725DAD3B600CA7639 /* SyncPerkNotificationActions.swift */,
				40BC937B2606465D00B544B3 /* StartWatchSession.swift */,
				40BC937C2606465D00B544B3 /* SyncWatchContext.swift */,
				400C8B3F2ADE082200A94D3F /* StartPerkActivity.swift */,
				400C8B412ADE0B3A00A94D3F /* ScheduleActivityBGTask.swift */,
				400C8B432ADE0BA800A94D3F /* HandleActivtyUpdateTask.swift */,
			);
			path = UseCases;
			sourceTree = "<group>";
		};
		403ECE4025B338C8001203F1 /* Presenter */ = {
			isa = PBXGroup;
			children = (
				403ECE4125B338C8001203F1 /* CurrencyPresenter.swift */,
				403ECE4225B338C8001203F1 /* CastlePresenter.swift */,
				403ECE4325B338C8001203F1 /* TurnPresenter.swift */,
				4028E0A725BC9A37005F6906 /* ShopItemPresenter.swift */,
				4028E0AA25BC9AAE005F6906 /* CastleItemPresenter.swift */,
				404BFB0F25C3A11C00342556 /* ErrorMessageViewModel.swift */,
				4045222725D61B13007C3C26 /* PerkPresenter.swift */,
			);
			path = Presenter;
			sourceTree = "<group>";
		};
		403ECE4625B338C8001203F1 /* Services */ = {
			isa = PBXGroup;
			children = (
				403ECE4A25B338C8001203F1 /* KingdomService.swift */,
				404BFB0C25C3A02400342556 /* CastlesError.swift */,
				403ECE4925B338C8001203F1 /* OutcomeService.swift */,
				403ECE4725B338C8001203F1 /* ShopService.swift */,
				403ECE4825B338C8001203F1 /* TurnService.swift */,
				4045221D25D614E0007C3C26 /* PerkService.swift */,
				4050567C25DACB0D00CA7639 /* PerkNotificationService.swift */,
			);
			path = Services;
			sourceTree = "<group>";
		};
		403ECE6125B338F9001203F1 /* Scenes */ = {
			isa = PBXGroup;
			children = (
				403ECE6225B33905001203F1 /* Dashboard */,
				403ECE6325B3390A001203F1 /* Outcome */,
				4028E0A325BC98C1005F6906 /* Shop */,
				40FA9AA125F5273E007D90D0 /* Profile */,
			);
			path = Scenes;
			sourceTree = "<group>";
		};
		403ECE6225B33905001203F1 /* Dashboard */ = {
			isa = PBXGroup;
			children = (
				403ECE6525B3391D001203F1 /* DashboardView.swift */,
				403ECE6925B33964001203F1 /* DashboardViewModel.swift */,
				403ECE6D25B33F5C001203F1 /* ActionCell.swift */,
				4028DF3E25B7BB6600455EC6 /* CastleCell.swift */,
			);
			path = Dashboard;
			sourceTree = "<group>";
		};
		403ECE6325B3390A001203F1 /* Outcome */ = {
			isa = PBXGroup;
			children = (
				4028AFE925BC7F6200B4589A /* OutcomeViewModel.swift */,
				4028AFEC25BC7F9700B4589A /* OutcomeView.swift */,
			);
			path = Outcome;
			sourceTree = "<group>";
		};
		4045222A25D61E44007C3C26 /* Views */ = {
			isa = PBXGroup;
			children = (
				40FA9AA825F52B02007D90D0 /* SlideIn */,
				4045222E25D61E70007C3C26 /* ProgressView */,
			);
			path = Views;
			sourceTree = "<group>";
		};
		4045222E25D61E70007C3C26 /* ProgressView */ = {
			isa = PBXGroup;
			children = (
				4045222B25D61E54007C3C26 /* ProgressView.swift */,
				4045222F25D61E80007C3C26 /* ProgressViewModel.swift */,
			);
			path = ProgressView;
			sourceTree = "<group>";
		};
		4068E5FA261A767800EE6864 /* Complications */ = {
			isa = PBXGroup;
			children = (
				4068E601261A777700EE6864 /* Providers */,
				4068E600261A776600EE6864 /* Views */,
			);
			path = Complications;
			sourceTree = "<group>";
		};
		4068E600261A776600EE6864 /* Views */ = {
			isa = PBXGroup;
			children = (
				4068E5FB261A768700EE6864 /* ShortcutComplication.swift */,
				4068E607261A7A8000EE6864 /* PerkComplication.swift */,
				407BC27C261A8CCE001E5531 /* CastleComplication.swift */,
			);
			path = Views;
			sourceTree = "<group>";
		};
		4068E601261A777700EE6864 /* Providers */ = {
			isa = PBXGroup;
			children = (
				4068E602261A778600EE6864 /* ShortcutComplicationProvider.swift */,
				4068E611261A7C8300EE6864 /* PerkComplicationProvider.swift */,
				407BC286261A91B6001E5531 /* CastleComplicationProvider.swift */,
			);
			path = Providers;
			sourceTree = "<group>";
		};
		4069D20025C706D800375502 /* Presentation */ = {
			isa = PBXGroup;
			children = (
				4069D20125C706E700375502 /* CastleEffect.swift */,
			);
			path = Presentation;
			sourceTree = "<group>";
		};
		4069D20425C7073D00375502 /* ParticleEffects */ = {
			isa = PBXGroup;
			children = (
				4069D20525C7075100375502 /* CastleFire.sks */,
				4069D20A25C707F500375502 /* SparklingCastle.sks */,
				4069D20625C7075200375502 /* Assets.xcassets */,
			);
			path = ParticleEffects;
			sourceTree = "<group>";
		};
		4069D20D25C7086300375502 /* Frameworks */ = {
			isa = PBXGroup;
			children = (
				4069D20E25C7086300375502 /* SpriteKit.framework */,
				40FCA4D1263F11E500E843BD /* WidgetKit.framework */,
				40FCA4D3263F11E500E843BD /* SwiftUI.framework */,
			);
			name = Frameworks;
			sourceTree = "<group>";
		};
		40BAC3D12640CA730078E82F /* UseCases */ = {
			isa = PBXGroup;
			children = (
				40BAC3D22640CA830078E82F /* GetCastleWithHighestAttack.swift */,
				400FF5362640DA2E00B1D45B /* GetPerkWithMostRecentCooldown.swift */,
			);
			path = UseCases;
			sourceTree = "<group>";
		};
		40BAC3E92640D3DC0078E82F /* Services */ = {
			isa = PBXGroup;
			children = (
				40BAC3EA2640D3E90078E82F /* KindgdomService.swift */,
				400FF5302640D99E00B1D45B /* PerkService.swift */,
			);
			path = Services;
			sourceTree = "<group>";
		};
		40BC931D2606448E00B544B3 /* CastlesWatch */ = {
			isa = PBXGroup;
			children = (
				40BC931E2606448F00B544B3 /* Assets.xcassets */,
				40BC93202606448F00B544B3 /* Info.plist */,
			);
			path = CastlesWatch;
			sourceTree = "<group>";
		};
		40BC93292606448F00B544B3 /* CastlesWatch Extension */ = {
			isa = PBXGroup;
			children = (
				40BC9358260645D100B544B3 /* Scenes */,
				40BC935E260645D100B544B3 /* Services */,
				40BC9353260645D100B544B3 /* UseCases */,
				40BC935D260645D100B544B3 /* CastlesApp.swift */,
				40BC935C260645D100B544B3 /* CastlesAppViewModel.swift */,
				40BC932E2606448F00B544B3 /* NotificationController.swift */,
				40BC93302606448F00B544B3 /* NotificationView.swift */,
				40BC93322606448F00B544B3 /* ComplicationController.swift */,
				40BC93342606449000B544B3 /* Assets.xcassets */,
				40BC93392606449000B544B3 /* Info.plist */,
				40BC933A2606449000B544B3 /* PushNotificationPayload.apns */,
				40BC93362606449000B544B3 /* Preview Content */,
			);
			path = "CastlesWatch Extension";
			sourceTree = "<group>";
		};
		40BC93362606449000B544B3 /* Preview Content */ = {
			isa = PBXGroup;
			children = (
				40BC93372606449000B544B3 /* Preview Assets.xcassets */,
			);
			path = "Preview Content";
			sourceTree = "<group>";
		};
		40BC9349260644C200B544B3 /* Shared */ = {
			isa = PBXGroup;
			children = (
				40BC934A260644E500B544B3 /* WatchConnectivityConstants.swift */,
			);
			path = Shared;
			sourceTree = "<group>";
		};
		40BC9353260645D100B544B3 /* UseCases */ = {
			isa = PBXGroup;
			children = (
				40BC9354260645D100B544B3 /* GetGoldPublisher.swift */,
				40BC9355260645D100B544B3 /* StartPhoneSession.swift */,
				40BC9356260645D100B544B3 /* PerformPlayerAction.swift */,
				40BC9357260645D100B544B3 /* GetCastlesPublisher.swift */,
				4068E60C261A7BFC00EE6864 /* GetPerkWithClosestCooldown.swift */,
				407BC281261A9130001E5531 /* GetCastleWithLowestHP.swift */,
			);
			path = UseCases;
			sourceTree = "<group>";
		};
		40BC9358260645D100B544B3 /* Scenes */ = {
			isa = PBXGroup;
			children = (
				4068E5FA261A767800EE6864 /* Complications */,
				40BC9359260645D100B544B3 /* Dashboard */,
			);
			path = Scenes;
			sourceTree = "<group>";
		};
		40BC9359260645D100B544B3 /* Dashboard */ = {
			isa = PBXGroup;
			children = (
				40BC935A260645D100B544B3 /* DashboardView.swift */,
				40BC935B260645D100B544B3 /* DashboardViewModel.swift */,
			);
			path = Dashboard;
			sourceTree = "<group>";
		};
		40BC935E260645D100B544B3 /* Services */ = {
			isa = PBXGroup;
			children = (
				40BC935F260645D100B544B3 /* KingdomService.swift */,
				4068E5F4261A758800EE6864 /* PerksService.swift */,
			);
			path = Services;
			sourceTree = "<group>";
		};
		40FA9AA125F5273E007D90D0 /* Profile */ = {
			isa = PBXGroup;
			children = (
				40FA9AA225F5274C007D90D0 /* ProfileView.swift */,
			);
			path = Profile;
			sourceTree = "<group>";
		};
		40FA9AA825F52B02007D90D0 /* SlideIn */ = {
			isa = PBXGroup;
			children = (
				40FA9AA525F528DD007D90D0 /* SlideInView.swift */,
				40FA9AA925F52B11007D90D0 /* SlideInViewModifier.swift */,
			);
			path = SlideIn;
			sourceTree = "<group>";
		};
		40FCA4D5263F11E500E843BD /* CastlesWidgets */ = {
			isa = PBXGroup;
			children = (
				40BAC3E92640D3DC0078E82F /* Services */,
				40BAC3D12640CA730078E82F /* UseCases */,
				40FCA508263F14A800E843BD /* Providers */,
				40FCA4FD263F12DA00E843BD /* Widgets */,
				400C8B392ADE02CB00A94D3F /* Activity */,
				40FCA4EE263F123300E843BD /* WidgetsBundle.swift */,
				40FCA4D8263F11E500E843BD /* CastlesWidgets.intentdefinition */,
				40FCA4D9263F11E600E843BD /* Assets.xcassets */,
				40FCA4DB263F11E600E843BD /* Info.plist */,
			);
			path = CastlesWidgets;
			sourceTree = "<group>";
		};
		40FCA4FD263F12DA00E843BD /* Widgets */ = {
			isa = PBXGroup;
			children = (
				40FCA4FE263F12F600E843BD /* CastleWidget.swift */,
				400FF5252640D56900B1D45B /* PerkWidget.swift */,
			);
			path = Widgets;
			sourceTree = "<group>";
		};
		40FCA508263F14A800E843BD /* Providers */ = {
			isa = PBXGroup;
			children = (
				40FCA4D6263F11E500E843BD /* CastleTimelineProvider.swift */,
				400FF51F2640D54C00B1D45B /* PerkTimelineProvider.swift */,
			);
			path = Providers;
			sourceTree = "<group>";
		};
/* End PBXGroup section */

/* Begin PBXNativeTarget section */
		403ECE0725B3372A001203F1 /* Castles */ = {
			isa = PBXNativeTarget;
			buildConfigurationList = 403ECE1725B3372B001203F1 /* Build configuration list for PBXNativeTarget "Castles" */;
			buildPhases = (
				403ECE0425B3372A001203F1 /* Sources */,
				403ECE0525B3372A001203F1 /* Frameworks */,
				403ECE0625B3372A001203F1 /* Resources */,
				40BC933E2606449000B544B3 /* Embed Watch Content */,
				40FCA4E1263F11E600E843BD /* Embed App Extensions */,
			);
			buildRules = (
			);
			dependencies = (
				408D3FA626064AF600C8D8FF /* PBXTargetDependency */,
				40FCA4DF263F11E600E843BD /* PBXTargetDependency */,
			);
			name = Castles;
			productName = Castles;
			productReference = 403ECE0825B3372A001203F1 /* Castles.app */;
			productType = "com.apple.product-type.application";
		};
		40BC931B2606448E00B544B3 /* CastlesWatch */ = {
			isa = PBXNativeTarget;
			buildConfigurationList = 40BC93452606449000B544B3 /* Build configuration list for PBXNativeTarget "CastlesWatch" */;
			buildPhases = (
				40BC931A2606448E00B544B3 /* Resources */,
				40BC93412606449000B544B3 /* Embed App Extensions */,
			);
			buildRules = (
			);
			dependencies = (
				40BC93282606448F00B544B3 /* PBXTargetDependency */,
			);
			name = CastlesWatch;
			productName = CastlesWatch;
			productReference = 40BC931C2606448E00B544B3 /* CastlesWatch.app */;
			productType = "com.apple.product-type.application.watchapp2";
		};
		40BC93242606448F00B544B3 /* CastlesWatch Extension */ = {
			isa = PBXNativeTarget;
			buildConfigurationList = 40BC93442606449000B544B3 /* Build configuration list for PBXNativeTarget "CastlesWatch Extension" */;
			buildPhases = (
				40BC93212606448F00B544B3 /* Sources */,
				40BC93222606448F00B544B3 /* Frameworks */,
				40BC93232606448F00B544B3 /* Resources */,
			);
			buildRules = (
			);
			dependencies = (
			);
			name = "CastlesWatch Extension";
			productName = "CastlesWatch Extension";
			productReference = 40BC93252606448F00B544B3 /* CastlesWatch Extension.appex */;
			productType = "com.apple.product-type.watchkit2-extension";
		};
		40FCA4CF263F11E400E843BD /* CastlesWidgetsExtension */ = {
			isa = PBXNativeTarget;
			buildConfigurationList = 40FCA4E4263F11E600E843BD /* Build configuration list for PBXNativeTarget "CastlesWidgetsExtension" */;
			buildPhases = (
				40FCA4CC263F11E400E843BD /* Sources */,
				40FCA4CD263F11E400E843BD /* Frameworks */,
				40FCA4CE263F11E400E843BD /* Resources */,
			);
			buildRules = (
			);
			dependencies = (
			);
			name = CastlesWidgetsExtension;
			productName = CastlesWidgetsExtension;
			productReference = 40FCA4D0263F11E400E843BD /* CastlesWidgetsExtension.appex */;
			productType = "com.apple.product-type.app-extension";
		};
/* End PBXNativeTarget section */

/* Begin PBXProject section */
		403ECE0025B3372A001203F1 /* Project object */ = {
			isa = PBXProject;
			attributes = {
				LastSwiftUpdateCheck = 1240;
				LastUpgradeCheck = 1230;
				TargetAttributes = {
					403ECE0725B3372A001203F1 = {
						CreatedOnToolsVersion = 12.3;
					};
					40BC931B2606448E00B544B3 = {
						CreatedOnToolsVersion = 12.4;
					};
					40BC93242606448F00B544B3 = {
						CreatedOnToolsVersion = 12.4;
					};
					40FCA4CF263F11E400E843BD = {
						CreatedOnToolsVersion = 12.4;
					};
				};
			};
			buildConfigurationList = 403ECE0325B3372A001203F1 /* Build configuration list for PBXProject "Castles" */;
			compatibilityVersion = "Xcode 9.3";
			developmentRegion = en;
			hasScannedForEncodings = 0;
			knownRegions = (
				en,
				Base,
			);
			mainGroup = 403ECDFF25B3372A001203F1;
			productRefGroup = 403ECE0925B3372A001203F1 /* Products */;
			projectDirPath = "";
			projectRoot = "";
			targets = (
				403ECE0725B3372A001203F1 /* Castles */,
				40BC931B2606448E00B544B3 /* CastlesWatch */,
				40BC93242606448F00B544B3 /* CastlesWatch Extension */,
				40FCA4CF263F11E400E843BD /* CastlesWidgetsExtension */,
			);
		};
/* End PBXProject section */

/* Begin PBXResourcesBuildPhase section */
		403ECE0625B3372A001203F1 /* Resources */ = {
			isa = PBXResourcesBuildPhase;
			buildActionMask = 2147483647;
			files = (
				403ECE1325B3372B001203F1 /* Preview Assets.xcassets in Resources */,
				4069D20725C7075200375502 /* CastleFire.sks in Resources */,
				4069D20B25C707F500375502 /* SparklingCastle.sks in Resources */,
				4069D20825C7075200375502 /* Assets.xcassets in Resources */,
				403ECE1025B3372B001203F1 /* Assets.xcassets in Resources */,
			);
			runOnlyForDeploymentPostprocessing = 0;
		};
		40BC931A2606448E00B544B3 /* Resources */ = {
			isa = PBXResourcesBuildPhase;
			buildActionMask = 2147483647;
			files = (
				40BC931F2606448F00B544B3 /* Assets.xcassets in Resources */,
			);
			runOnlyForDeploymentPostprocessing = 0;
		};
		40BC93232606448F00B544B3 /* Resources */ = {
			isa = PBXResourcesBuildPhase;
			buildActionMask = 2147483647;
			files = (
				40BC93382606449000B544B3 /* Preview Assets.xcassets in Resources */,
				40BC93352606449000B544B3 /* Assets.xcassets in Resources */,
			);
			runOnlyForDeploymentPostprocessing = 0;
		};
		40FCA4CE263F11E400E843BD /* Resources */ = {
			isa = PBXResourcesBuildPhase;
			buildActionMask = 2147483647;
			files = (
				40FCA4DA263F11E600E843BD /* Assets.xcassets in Resources */,
			);
			runOnlyForDeploymentPostprocessing = 0;
		};
/* End PBXResourcesBuildPhase section */

/* Begin PBXSourcesBuildPhase section */
		403ECE0425B3372A001203F1 /* Sources */ = {
			isa = PBXSourcesBuildPhase;
			buildActionMask = 2147483647;
			files = (
				40FA9AA625F528DD007D90D0 /* SlideInView.swift in Sources */,
				403ECE5F25B338C8001203F1 /* KingdomService.swift in Sources */,
				40BC934B260644E500B544B3 /* WatchConnectivityConstants.swift in Sources */,
				4069D20225C706E700375502 /* CastleEffect.swift in Sources */,
				400C8B442ADE0BA800A94D3F /* HandleActivtyUpdateTask.swift in Sources */,
				403ECE2D25B338B4001203F1 /* Outcome.swift in Sources */,
				4050568B25DAD49E00CA7639 /* CastlesAppViewModel.swift in Sources */,
				403ECE4E25B338C8001203F1 /* GetGoldPublisher.swift in Sources */,
				4028AFED25BC7F9700B4589A /* OutcomeView.swift in Sources */,
				4028DF3F25B7BB6600455EC6 /* CastleCell.swift in Sources */,
				4028E0A825BC9A37005F6906 /* ShopItemPresenter.swift in Sources */,
				403ECE5925B338C8001203F1 /* TurnPresenter.swift in Sources */,
				400C8B402ADE082200A94D3F /* StartPerkActivity.swift in Sources */,
				4050568025DACD0A00CA7639 /* GetPerkNotificationActionPublisher.swift in Sources */,
				4028AFEA25BC7F6200B4589A /* OutcomeViewModel.swift in Sources */,
				403ECE5425B338C8001203F1 /* GetCastles.swift in Sources */,
				403ECE4F25B338C8001203F1 /* UseCastleItem.swift in Sources */,
				403ECE5625B338C8001203F1 /* GetCastlesPublisher.swift in Sources */,
				403ECE5125B338C8001203F1 /* GetTurnPublisher.swift in Sources */,
				4045221E25D614E0007C3C26 /* PerkService.swift in Sources */,
				4050568825DAD3B600CA7639 /* SyncPerkNotificationActions.swift in Sources */,
				4050567D25DACB0D00CA7639 /* PerkNotificationService.swift in Sources */,
				403ECE4B25B338C8001203F1 /* PurchaseShopItem.swift in Sources */,
				403ECE3025B338B4001203F1 /* Turm.swift in Sources */,
				40FCA4DD263F11E600E843BD /* CastlesWidgets.intentdefinition in Sources */,
				403ECE6E25B33F5C001203F1 /* ActionCell.swift in Sources */,
				4045222C25D61E54007C3C26 /* ProgressView.swift in Sources */,
				403ECE5C25B338C8001203F1 /* ShopService.swift in Sources */,
				403ECE5025B338C8001203F1 /* GetShopItemPublisher.swift in Sources */,
				400C8B422ADE0B3A00A94D3F /* ScheduleActivityBGTask.swift in Sources */,
				4028E0AB25BC9AAE005F6906 /* CastleItemPresenter.swift in Sources */,
				4045222825D61B13007C3C26 /* PerkPresenter.swift in Sources */,
				403ECE5725B338C8001203F1 /* CurrencyPresenter.swift in Sources */,
				404BFB0D25C3A02400342556 /* CastlesError.swift in Sources */,
				403ECE2F25B338B4001203F1 /* ShopItem.swift in Sources */,
				403ECE5E25B338C8001203F1 /* OutcomeService.swift in Sources */,
				4045221A25D61471007C3C26 /* Perk.swift in Sources */,
				403ECE5525B338C8001203F1 /* MoveToNextTurn.swift in Sources */,
				4028E0A525BC98D5005F6906 /* ShopViewModel.swift in Sources */,
				40BC937D2606465D00B544B3 /* StartWatchSession.swift in Sources */,
				403ECE2E25B338B4001203F1 /* Castle.swift in Sources */,
				4045222425D61708007C3C26 /* UsePerk.swift in Sources */,
				403ECE2C25B338B4001203F1 /* Kingdom.swift in Sources */,
				4045222125D616BE007C3C26 /* GetPerksPublisher.swift in Sources */,
				400C8B3D2ADE034600A94D3F /* PerkAttributes.swift in Sources */,
				403ECE5225B338C8001203F1 /* PerformBarbarianTurn.swift in Sources */,
				403ECE3125B338B4001203F1 /* CastleItem.swift in Sources */,
				40BC937E2606465D00B544B3 /* SyncWatchContext.swift in Sources */,
				4050568325DACD6D00CA7639 /* ScheduleNotificationForPerk.swift in Sources */,
				40FA9AA325F5274C007D90D0 /* ProfileView.swift in Sources */,
				403ECE5325B338C8001203F1 /* PerformPlayerTurn.swift in Sources */,
				403ECE4C25B338C8001203F1 /* GetOutcomePublisher.swift in Sources */,
				403ECE5D25B338C8001203F1 /* TurnService.swift in Sources */,
				404BFB1025C3A11C00342556 /* ErrorMessageViewModel.swift in Sources */,
				4045223025D61E80007C3C26 /* ProgressViewModel.swift in Sources */,
				4028E0AE25BC9D5E005F6906 /* ShopView.swift in Sources */,
				40FA9AAA25F52B11007D90D0 /* SlideInViewModifier.swift in Sources */,
				403ECE6625B3391D001203F1 /* DashboardView.swift in Sources */,
				403ECE4D25B338C8001203F1 /* CreateCastle.swift in Sources */,
				403ECE5825B338C8001203F1 /* CastlePresenter.swift in Sources */,
				403ECE0C25B3372A001203F1 /* CastlesApp.swift in Sources */,
				403ECE6A25B33964001203F1 /* DashboardViewModel.swift in Sources */,
			);
			runOnlyForDeploymentPostprocessing = 0;
		};
		40BC93212606448F00B544B3 /* Sources */ = {
			isa = PBXSourcesBuildPhase;
			buildActionMask = 2147483647;
			files = (
				40BC9361260645D200B544B3 /* StartPhoneSession.swift in Sources */,
				40BC9366260645D200B544B3 /* CastlesAppViewModel.swift in Sources */,
				4068E5FC261A768700EE6864 /* ShortcutComplication.swift in Sources */,
				40BC9365260645D200B544B3 /* DashboardViewModel.swift in Sources */,
				40BC9372260645F300B544B3 /* Kingdom.swift in Sources */,
				4068E608261A7A8000EE6864 /* PerkComplication.swift in Sources */,
				4068E612261A7C8300EE6864 /* PerkComplicationProvider.swift in Sources */,
				40BC9363260645D200B544B3 /* GetCastlesPublisher.swift in Sources */,
				407BC287261A91B6001E5531 /* CastleComplicationProvider.swift in Sources */,
				407BC282261A9130001E5531 /* GetCastleWithLowestHP.swift in Sources */,
				4068E603261A778600EE6864 /* ShortcutComplicationProvider.swift in Sources */,
				407BC27D261A8CCE001E5531 /* CastleComplication.swift in Sources */,
				4068E5F5261A758800EE6864 /* PerksService.swift in Sources */,
				40BC93772606460500B544B3 /* CurrencyPresenter.swift in Sources */,
				4068E60D261A7BFC00EE6864 /* GetPerkWithClosestCooldown.swift in Sources */,
				40BC934C260644E500B544B3 /* WatchConnectivityConstants.swift in Sources */,
				40BC932F2606448F00B544B3 /* NotificationController.swift in Sources */,
				40BC9364260645D200B544B3 /* DashboardView.swift in Sources */,
				40BC93332606448F00B544B3 /* ComplicationController.swift in Sources */,
				40BC9368260645D200B544B3 /* KingdomService.swift in Sources */,
				40BC9362260645D200B544B3 /* PerformPlayerAction.swift in Sources */,
				40BC93312606448F00B544B3 /* NotificationView.swift in Sources */,
				40BC9373260645F300B544B3 /* Castle.swift in Sources */,
				40BC9360260645D200B544B3 /* GetGoldPublisher.swift in Sources */,
				4068E5F0261A72FA00EE6864 /* Perk.swift in Sources */,
				40BC9367260645D200B544B3 /* CastlesApp.swift in Sources */,
			);
			runOnlyForDeploymentPostprocessing = 0;
		};
		40FCA4CC263F11E400E843BD /* Sources */ = {
			isa = PBXSourcesBuildPhase;
			buildActionMask = 2147483647;
			files = (
				40FCA4E9263F11FE00E843BD /* Castle.swift in Sources */,
				400C8B3B2ADE02E500A94D3F /* PerkActivityConfiguration.swift in Sources */,
				40BAC3EB2640D3E90078E82F /* KindgdomService.swift in Sources */,
				40BAC3DC2640CA870078E82F /* GetCastleWithHighestAttack.swift in Sources */,
				400FF5262640D56900B1D45B /* PerkWidget.swift in Sources */,
				40FCA4DC263F11E600E843BD /* CastlesWidgets.intentdefinition in Sources */,
				400FF5312640D99E00B1D45B /* PerkService.swift in Sources */,
				405C9FF9263F4167008E198B /* Kingdom.swift in Sources */,
				400C8B3E2ADE034600A94D3F /* PerkAttributes.swift in Sources */,
				40FCA4D7263F11E500E843BD /* CastleTimelineProvider.swift in Sources */,
				40FCA4FF263F12F600E843BD /* CastleWidget.swift in Sources */,
				400FF5202640D54C00B1D45B /* PerkTimelineProvider.swift in Sources */,
				405C9FFE263F416B008E198B /* CastlesError.swift in Sources */,
				400FF5372640DA2E00B1D45B /* GetPerkWithMostRecentCooldown.swift in Sources */,
				40FCA4F4263F124200E843BD /* WidgetsBundle.swift in Sources */,
				400FF52B2640D58600B1D45B /* Perk.swift in Sources */,
			);
			runOnlyForDeploymentPostprocessing = 0;
		};
/* End PBXSourcesBuildPhase section */

/* Begin PBXTargetDependency section */
		408D3FA626064AF600C8D8FF /* PBXTargetDependency */ = {
			isa = PBXTargetDependency;
			target = 40BC931B2606448E00B544B3 /* CastlesWatch */;
			targetProxy = 408D3FA526064AF600C8D8FF /* PBXContainerItemProxy */;
		};
		40BC93282606448F00B544B3 /* PBXTargetDependency */ = {
			isa = PBXTargetDependency;
			target = 40BC93242606448F00B544B3 /* CastlesWatch Extension */;
			targetProxy = 40BC93272606448F00B544B3 /* PBXContainerItemProxy */;
		};
		40FCA4DF263F11E600E843BD /* PBXTargetDependency */ = {
			isa = PBXTargetDependency;
			target = 40FCA4CF263F11E400E843BD /* CastlesWidgetsExtension */;
			targetProxy = 40FCA4DE263F11E600E843BD /* PBXContainerItemProxy */;
		};
/* End PBXTargetDependency section */

/* Begin XCBuildConfiguration section */
		403ECE1525B3372B001203F1 /* Debug */ = {
			isa = XCBuildConfiguration;
			buildSettings = {
				ALWAYS_SEARCH_USER_PATHS = NO;
				CLANG_ANALYZER_NONNULL = YES;
				CLANG_ANALYZER_NUMBER_OBJECT_CONVERSION = YES_AGGRESSIVE;
				CLANG_CXX_LANGUAGE_STANDARD = "gnu++14";
				CLANG_CXX_LIBRARY = "libc++";
				CLANG_ENABLE_MODULES = YES;
				CLANG_ENABLE_OBJC_ARC = YES;
				CLANG_ENABLE_OBJC_WEAK = YES;
				CLANG_WARN_BLOCK_CAPTURE_AUTORELEASING = YES;
				CLANG_WARN_BOOL_CONVERSION = YES;
				CLANG_WARN_COMMA = YES;
				CLANG_WARN_CONSTANT_CONVERSION = YES;
				CLANG_WARN_DEPRECATED_OBJC_IMPLEMENTATIONS = YES;
				CLANG_WARN_DIRECT_OBJC_ISA_USAGE = YES_ERROR;
				CLANG_WARN_DOCUMENTATION_COMMENTS = YES;
				CLANG_WARN_EMPTY_BODY = YES;
				CLANG_WARN_ENUM_CONVERSION = YES;
				CLANG_WARN_INFINITE_RECURSION = YES;
				CLANG_WARN_INT_CONVERSION = YES;
				CLANG_WARN_NON_LITERAL_NULL_CONVERSION = YES;
				CLANG_WARN_OBJC_IMPLICIT_RETAIN_SELF = YES;
				CLANG_WARN_OBJC_LITERAL_CONVERSION = YES;
				CLANG_WARN_OBJC_ROOT_CLASS = YES_ERROR;
				CLANG_WARN_QUOTED_INCLUDE_IN_FRAMEWORK_HEADER = YES;
				CLANG_WARN_RANGE_LOOP_ANALYSIS = YES;
				CLANG_WARN_STRICT_PROTOTYPES = YES;
				CLANG_WARN_SUSPICIOUS_MOVE = YES;
				CLANG_WARN_UNGUARDED_AVAILABILITY = YES_AGGRESSIVE;
				CLANG_WARN_UNREACHABLE_CODE = YES;
				CLANG_WARN__DUPLICATE_METHOD_MATCH = YES;
				COPY_PHASE_STRIP = NO;
				DEBUG_INFORMATION_FORMAT = dwarf;
				ENABLE_STRICT_OBJC_MSGSEND = YES;
				ENABLE_TESTABILITY = YES;
				GCC_C_LANGUAGE_STANDARD = gnu11;
				GCC_DYNAMIC_NO_PIC = NO;
				GCC_NO_COMMON_BLOCKS = YES;
				GCC_OPTIMIZATION_LEVEL = 0;
				GCC_PREPROCESSOR_DEFINITIONS = (
					"DEBUG=1",
					"$(inherited)",
				);
				GCC_WARN_64_TO_32_BIT_CONVERSION = YES;
				GCC_WARN_ABOUT_RETURN_TYPE = YES_ERROR;
				GCC_WARN_UNDECLARED_SELECTOR = YES;
				GCC_WARN_UNINITIALIZED_AUTOS = YES_AGGRESSIVE;
				GCC_WARN_UNUSED_FUNCTION = YES;
				GCC_WARN_UNUSED_VARIABLE = YES;
				IPHONEOS_DEPLOYMENT_TARGET = 14.3;
				MTL_ENABLE_DEBUG_INFO = INCLUDE_SOURCE;
				MTL_FAST_MATH = YES;
				ONLY_ACTIVE_ARCH = YES;
				SDKROOT = iphoneos;
				SWIFT_ACTIVE_COMPILATION_CONDITIONS = DEBUG;
				SWIFT_OPTIMIZATION_LEVEL = "-Onone";
			};
			name = Debug;
		};
		403ECE1625B3372B001203F1 /* Release */ = {
			isa = XCBuildConfiguration;
			buildSettings = {
				ALWAYS_SEARCH_USER_PATHS = NO;
				CLANG_ANALYZER_NONNULL = YES;
				CLANG_ANALYZER_NUMBER_OBJECT_CONVERSION = YES_AGGRESSIVE;
				CLANG_CXX_LANGUAGE_STANDARD = "gnu++14";
				CLANG_CXX_LIBRARY = "libc++";
				CLANG_ENABLE_MODULES = YES;
				CLANG_ENABLE_OBJC_ARC = YES;
				CLANG_ENABLE_OBJC_WEAK = YES;
				CLANG_WARN_BLOCK_CAPTURE_AUTORELEASING = YES;
				CLANG_WARN_BOOL_CONVERSION = YES;
				CLANG_WARN_COMMA = YES;
				CLANG_WARN_CONSTANT_CONVERSION = YES;
				CLANG_WARN_DEPRECATED_OBJC_IMPLEMENTATIONS = YES;
				CLANG_WARN_DIRECT_OBJC_ISA_USAGE = YES_ERROR;
				CLANG_WARN_DOCUMENTATION_COMMENTS = YES;
				CLANG_WARN_EMPTY_BODY = YES;
				CLANG_WARN_ENUM_CONVERSION = YES;
				CLANG_WARN_INFINITE_RECURSION = YES;
				CLANG_WARN_INT_CONVERSION = YES;
				CLANG_WARN_NON_LITERAL_NULL_CONVERSION = YES;
				CLANG_WARN_OBJC_IMPLICIT_RETAIN_SELF = YES;
				CLANG_WARN_OBJC_LITERAL_CONVERSION = YES;
				CLANG_WARN_OBJC_ROOT_CLASS = YES_ERROR;
				CLANG_WARN_QUOTED_INCLUDE_IN_FRAMEWORK_HEADER = YES;
				CLANG_WARN_RANGE_LOOP_ANALYSIS = YES;
				CLANG_WARN_STRICT_PROTOTYPES = YES;
				CLANG_WARN_SUSPICIOUS_MOVE = YES;
				CLANG_WARN_UNGUARDED_AVAILABILITY = YES_AGGRESSIVE;
				CLANG_WARN_UNREACHABLE_CODE = YES;
				CLANG_WARN__DUPLICATE_METHOD_MATCH = YES;
				COPY_PHASE_STRIP = NO;
				DEBUG_INFORMATION_FORMAT = "dwarf-with-dsym";
				ENABLE_NS_ASSERTIONS = NO;
				ENABLE_STRICT_OBJC_MSGSEND = YES;
				GCC_C_LANGUAGE_STANDARD = gnu11;
				GCC_NO_COMMON_BLOCKS = YES;
				GCC_WARN_64_TO_32_BIT_CONVERSION = YES;
				GCC_WARN_ABOUT_RETURN_TYPE = YES_ERROR;
				GCC_WARN_UNDECLARED_SELECTOR = YES;
				GCC_WARN_UNINITIALIZED_AUTOS = YES_AGGRESSIVE;
				GCC_WARN_UNUSED_FUNCTION = YES;
				GCC_WARN_UNUSED_VARIABLE = YES;
				IPHONEOS_DEPLOYMENT_TARGET = 14.3;
				MTL_ENABLE_DEBUG_INFO = NO;
				MTL_FAST_MATH = YES;
				SDKROOT = iphoneos;
				SWIFT_COMPILATION_MODE = wholemodule;
				SWIFT_OPTIMIZATION_LEVEL = "-O";
				VALIDATE_PRODUCT = YES;
			};
			name = Release;
		};
		403ECE1825B3372B001203F1 /* Debug */ = {
			isa = XCBuildConfiguration;
			buildSettings = {
				ALWAYS_EMBED_SWIFT_STANDARD_LIBRARIES = YES;
				ASSETCATALOG_COMPILER_APPICON_NAME = AppIcon;
				ASSETCATALOG_COMPILER_GLOBAL_ACCENT_COLOR_NAME = AccentColor;
				CODE_SIGN_ENTITLEMENTS = Castles/Castles.entitlements;
				CODE_SIGN_STYLE = Automatic;
				DEVELOPMENT_ASSET_PATHS = "\"Castles/Preview Content\"";
				DEVELOPMENT_TEAM = "";
				ENABLE_PREVIEWS = YES;
				INFOPLIST_FILE = Castles/Info.plist;
				IPHONEOS_DEPLOYMENT_TARGET = 17.0;
				LD_RUNPATH_SEARCH_PATHS = (
					"$(inherited)",
					"@executable_path/Frameworks",
				);
				PRODUCT_BUNDLE_IDENTIFIER = com.CodingWithTom.Castles;
				PRODUCT_NAME = "$(TARGET_NAME)";
				SWIFT_VERSION = 5.0;
				TARGETED_DEVICE_FAMILY = "1,2";
			};
			name = Debug;
		};
		403ECE1925B3372B001203F1 /* Release */ = {
			isa = XCBuildConfiguration;
			buildSettings = {
				ALWAYS_EMBED_SWIFT_STANDARD_LIBRARIES = YES;
				ASSETCATALOG_COMPILER_APPICON_NAME = AppIcon;
				ASSETCATALOG_COMPILER_GLOBAL_ACCENT_COLOR_NAME = AccentColor;
				CODE_SIGN_ENTITLEMENTS = Castles/Castles.entitlements;
				CODE_SIGN_STYLE = Automatic;
				DEVELOPMENT_ASSET_PATHS = "\"Castles/Preview Content\"";
				DEVELOPMENT_TEAM = "";
				ENABLE_PREVIEWS = YES;
				INFOPLIST_FILE = Castles/Info.plist;
				IPHONEOS_DEPLOYMENT_TARGET = 17.0;
				LD_RUNPATH_SEARCH_PATHS = (
					"$(inherited)",
					"@executable_path/Frameworks",
				);
				PRODUCT_BUNDLE_IDENTIFIER = com.CodingWithTom.Castles;
				PRODUCT_NAME = "$(TARGET_NAME)";
				SWIFT_VERSION = 5.0;
				TARGETED_DEVICE_FAMILY = "1,2";
			};
			name = Release;
		};
		40BC933F2606449000B544B3 /* Debug */ = {
			isa = XCBuildConfiguration;
			buildSettings = {
				ALWAYS_EMBED_SWIFT_STANDARD_LIBRARIES = YES;
				ASSETCATALOG_COMPILER_APPICON_NAME = AppIcon;
				ASSETCATALOG_COMPILER_GLOBAL_ACCENT_COLOR_NAME = AccentColor;
				CODE_SIGN_STYLE = Automatic;
				DEVELOPMENT_TEAM = "";
				IBSC_MODULE = CastlesWatch_Extension;
				INFOPLIST_FILE = CastlesWatch/Info.plist;
				PRODUCT_BUNDLE_IDENTIFIER = com.CodingWithTom.Castles.watchkitapp;
				PRODUCT_NAME = "$(TARGET_NAME)";
				SDKROOT = watchos;
				SKIP_INSTALL = YES;
				SWIFT_VERSION = 5.0;
				TARGETED_DEVICE_FAMILY = 4;
				WATCHOS_DEPLOYMENT_TARGET = 10.0;
			};
			name = Debug;
		};
		40BC93402606449000B544B3 /* Release */ = {
			isa = XCBuildConfiguration;
			buildSettings = {
				ALWAYS_EMBED_SWIFT_STANDARD_LIBRARIES = YES;
				ASSETCATALOG_COMPILER_APPICON_NAME = AppIcon;
				ASSETCATALOG_COMPILER_GLOBAL_ACCENT_COLOR_NAME = AccentColor;
				CODE_SIGN_STYLE = Automatic;
				DEVELOPMENT_TEAM = "";
				IBSC_MODULE = CastlesWatch_Extension;
				INFOPLIST_FILE = CastlesWatch/Info.plist;
				PRODUCT_BUNDLE_IDENTIFIER = com.CodingWithTom.Castles.watchkitapp;
				PRODUCT_NAME = "$(TARGET_NAME)";
				SDKROOT = watchos;
				SKIP_INSTALL = YES;
				SWIFT_VERSION = 5.0;
				TARGETED_DEVICE_FAMILY = 4;
				WATCHOS_DEPLOYMENT_TARGET = 10.0;
			};
			name = Release;
		};
		40BC93422606449000B544B3 /* Debug */ = {
			isa = XCBuildConfiguration;
			buildSettings = {
				ASSETCATALOG_COMPILER_COMPLICATION_NAME = Complication;
				CODE_SIGN_STYLE = Automatic;
				DEVELOPMENT_ASSET_PATHS = "\"CastlesWatch Extension/Preview Content\"";
				DEVELOPMENT_TEAM = "";
				ENABLE_PREVIEWS = YES;
				INFOPLIST_FILE = "CastlesWatch Extension/Info.plist";
				LD_RUNPATH_SEARCH_PATHS = (
					"$(inherited)",
					"@executable_path/Frameworks",
					"@executable_path/../../Frameworks",
				);
				PRODUCT_BUNDLE_IDENTIFIER = com.CodingWithTom.Castles.watchkitapp.watchkitextension;
				PRODUCT_NAME = "${TARGET_NAME}";
				SDKROOT = watchos;
				SKIP_INSTALL = YES;
				SWIFT_VERSION = 5.0;
				TARGETED_DEVICE_FAMILY = 4;
				WATCHOS_DEPLOYMENT_TARGET = 10.0;
			};
			name = Debug;
		};
		40BC93432606449000B544B3 /* Release */ = {
			isa = XCBuildConfiguration;
			buildSettings = {
				ASSETCATALOG_COMPILER_COMPLICATION_NAME = Complication;
				CODE_SIGN_STYLE = Automatic;
				DEVELOPMENT_ASSET_PATHS = "\"CastlesWatch Extension/Preview Content\"";
				DEVELOPMENT_TEAM = "";
				ENABLE_PREVIEWS = YES;
				INFOPLIST_FILE = "CastlesWatch Extension/Info.plist";
				LD_RUNPATH_SEARCH_PATHS = (
					"$(inherited)",
					"@executable_path/Frameworks",
					"@executable_path/../../Frameworks",
				);
				PRODUCT_BUNDLE_IDENTIFIER = com.CodingWithTom.Castles.watchkitapp.watchkitextension;
				PRODUCT_NAME = "${TARGET_NAME}";
				SDKROOT = watchos;
				SKIP_INSTALL = YES;
				SWIFT_VERSION = 5.0;
				TARGETED_DEVICE_FAMILY = 4;
				WATCHOS_DEPLOYMENT_TARGET = 10.0;
			};
			name = Release;
		};
		40FCA4E2263F11E600E843BD /* Debug */ = {
			isa = XCBuildConfiguration;
			buildSettings = {
				ASSETCATALOG_COMPILER_GLOBAL_ACCENT_COLOR_NAME = AccentColor;
				ASSETCATALOG_COMPILER_WIDGET_BACKGROUND_COLOR_NAME = WidgetBackground;
				CODE_SIGN_ENTITLEMENTS = CastlesWidgetsExtension.entitlements;
				CODE_SIGN_STYLE = Automatic;
				DEVELOPMENT_TEAM = "";
				INFOPLIST_FILE = CastlesWidgets/Info.plist;
				IPHONEOS_DEPLOYMENT_TARGET = 17.0;
				LD_RUNPATH_SEARCH_PATHS = (
					"$(inherited)",
					"@executable_path/Frameworks",
					"@executable_path/../../Frameworks",
				);
				PRODUCT_BUNDLE_IDENTIFIER = com.CodingWithTom.Castles.CastlesWidgets;
				PRODUCT_NAME = "$(TARGET_NAME)";
				SKIP_INSTALL = YES;
				SWIFT_VERSION = 5.0;
				TARGETED_DEVICE_FAMILY = "1,2";
			};
			name = Debug;
		};
		40FCA4E3263F11E600E843BD /* Release */ = {
			isa = XCBuildConfiguration;
			buildSettings = {
				ASSETCATALOG_COMPILER_GLOBAL_ACCENT_COLOR_NAME = AccentColor;
				ASSETCATALOG_COMPILER_WIDGET_BACKGROUND_COLOR_NAME = WidgetBackground;
				CODE_SIGN_ENTITLEMENTS = CastlesWidgetsExtension.entitlements;
				CODE_SIGN_STYLE = Automatic;
				DEVELOPMENT_TEAM = "";
				INFOPLIST_FILE = CastlesWidgets/Info.plist;
				IPHONEOS_DEPLOYMENT_TARGET = 17.0;
				LD_RUNPATH_SEARCH_PATHS = (
					"$(inherited)",
					"@executable_path/Frameworks",
					"@executable_path/../../Frameworks",
				);
				PRODUCT_BUNDLE_IDENTIFIER = com.CodingWithTom.Castles.CastlesWidgets;
				PRODUCT_NAME = "$(TARGET_NAME)";
				SKIP_INSTALL = YES;
				SWIFT_VERSION = 5.0;
				TARGETED_DEVICE_FAMILY = "1,2";
			};
			name = Release;
		};
/* End XCBuildConfiguration section */

/* Begin XCConfigurationList section */
		403ECE0325B3372A001203F1 /* Build configuration list for PBXProject "Castles" */ = {
			isa = XCConfigurationList;
			buildConfigurations = (
				403ECE1525B3372B001203F1 /* Debug */,
				403ECE1625B3372B001203F1 /* Release */,
			);
			defaultConfigurationIsVisible = 0;
			defaultConfigurationName = Release;
		};
		403ECE1725B3372B001203F1 /* Build configuration list for PBXNativeTarget "Castles" */ = {
			isa = XCConfigurationList;
			buildConfigurations = (
				403ECE1825B3372B001203F1 /* Debug */,
				403ECE1925B3372B001203F1 /* Release */,
			);
			defaultConfigurationIsVisible = 0;
			defaultConfigurationName = Release;
		};
		40BC93442606449000B544B3 /* Build configuration list for PBXNativeTarget "CastlesWatch Extension" */ = {
			isa = XCConfigurationList;
			buildConfigurations = (
				40BC93422606449000B544B3 /* Debug */,
				40BC93432606449000B544B3 /* Release */,
			);
			defaultConfigurationIsVisible = 0;
			defaultConfigurationName = Release;
		};
		40BC93452606449000B544B3 /* Build configuration list for PBXNativeTarget "CastlesWatch" */ = {
			isa = XCConfigurationList;
			buildConfigurations = (
				40BC933F2606449000B544B3 /* Debug */,
				40BC93402606449000B544B3 /* Release */,
			);
			defaultConfigurationIsVisible = 0;
			defaultConfigurationName = Release;
		};
		40FCA4E4263F11E600E843BD /* Build configuration list for PBXNativeTarget "CastlesWidgetsExtension" */ = {
			isa = XCConfigurationList;
			buildConfigurations = (
				40FCA4E2263F11E600E843BD /* Debug */,
				40FCA4E3263F11E600E843BD /* Release */,
			);
			defaultConfigurationIsVisible = 0;
			defaultConfigurationName = Release;
		};
/* End XCConfigurationList section */
	};
	rootObject = 403ECE0025B3372A001203F1 /* Project object */;
}
